PODS:
  - Bolts (1.9.0):
    - Bolts/AppLinks (= 1.9.0)
    - Bolts/Tasks (= 1.9.0)
  - Bolts/AppLinks (1.9.0):
    - Bolts/Tasks
  - Bolts/Tasks (1.9.0)
  - BoringSSL (10.0.6):
    - BoringSSL/Implementation (= 10.0.6)
    - BoringSSL/Interface (= 10.0.6)
  - BoringSSL/Implementation (10.0.6):
    - BoringSSL/Interface (= 10.0.6)
  - BoringSSL/Interface (10.0.6)
  - FBSDKCoreKit (4.35.0):
    - Bolts (~> 1.7)
  - FBSDKLoginKit (4.35.0):
    - FBSDKCoreKit
  - Firebase/CoreOnly (5.14.0):
    - FirebaseCore (= 5.1.9)
  - Firebase/Database (5.14.0):
    - Firebase/CoreOnly
    - FirebaseDatabase (= 5.0.4)
  - Firebase/Firestore (5.14.0):
    - Firebase/CoreOnly
    - FirebaseFirestore (= 0.16.0)
  - Firebase/Storage (5.14.0):
    - Firebase/CoreOnly
    - FirebaseStorage (= 3.0.3)
  - FirebaseAuth (5.1.0):
    - FirebaseAuthInterop (~> 1.0)
    - FirebaseCore (~> 5.1)
    - GoogleUtilities/Environment (~> 5.2)
    - GTMSessionFetcher/Core (~> 1.1)
  - FirebaseAuthInterop (1.0.0)
  - FirebaseCore (5.1.9):
    - GoogleUtilities/Logger (~> 5.2)
  - FirebaseDatabase (5.0.4):
    - FirebaseAuthInterop (~> 1.0)
    - FirebaseCore (~> 5.1)
    - leveldb-library (~> 1.18)
  - FirebaseFirestore (0.16.0):
    - FirebaseAuthInterop (~> 1.0)
    - FirebaseCore (~> 5.1)
    - FirebaseFirestore/abseil-cpp (= 0.16.0)
    - "gRPC-C++ (= 0.0.5)"
    - leveldb-library (~> 1.20)
    - nanopb (~> 0.3.8)
    - Protobuf (~> 3.1)
  - FirebaseFirestore/abseil-cpp (0.16.0):
    - FirebaseAuthInterop (~> 1.0)
    - FirebaseCore (~> 5.1)
    - "gRPC-C++ (= 0.0.5)"
    - leveldb-library (~> 1.20)
    - nanopb (~> 0.3.8)
    - Protobuf (~> 3.1)
  - FirebaseStorage (3.0.3):
    - FirebaseAuthInterop (~> 1.0)
    - FirebaseCore (~> 5.1)
    - GTMSessionFetcher/Core (~> 1.1)
  - GoogleSignIn (4.4.0):
    - "GoogleToolboxForMac/NSDictionary+URLArguments (~> 2.1)"
    - "GoogleToolboxForMac/NSString+URLArguments (~> 2.1)"
    - GTMSessionFetcher/Core (~> 1.1)
  - GoogleToolboxForMac/DebugUtils (2.2.0):
    - GoogleToolboxForMac/Defines (= 2.2.0)
  - GoogleToolboxForMac/Defines (2.2.0)
  - "GoogleToolboxForMac/NSDictionary+URLArguments (2.2.0)":
    - GoogleToolboxForMac/DebugUtils (= 2.2.0)
    - GoogleToolboxForMac/Defines (= 2.2.0)
    - "GoogleToolboxForMac/NSString+URLArguments (= 2.2.0)"
  - "GoogleToolboxForMac/NSString+URLArguments (2.2.0)"
  - GoogleUtilities/Environment (5.3.6)
  - GoogleUtilities/Logger (5.3.6):
    - GoogleUtilities/Environment
  - "gRPC-C++ (0.0.5)":
    - "gRPC-C++/Implementation (= 0.0.5)"
    - "gRPC-C++/Interface (= 0.0.5)"
  - "gRPC-C++/Implementation (0.0.5)":
    - "gRPC-C++/Interface (= 0.0.5)"
    - gRPC-Core (= 1.14.0)
    - nanopb (~> 0.3)
  - "gRPC-C++/Interface (0.0.5)"
  - gRPC-Core (1.14.0):
    - gRPC-Core/Implementation (= 1.14.0)
    - gRPC-Core/Interface (= 1.14.0)
  - gRPC-Core/Implementation (1.14.0):
    - BoringSSL (~> 10.0)
    - gRPC-Core/Interface (= 1.14.0)
    - nanopb (~> 0.3)
  - gRPC-Core/Interface (1.14.0)
  - GTMSessionFetcher/Core (1.2.1)
  - leveldb-library (1.20)
  - nanopb (0.3.901):
    - nanopb/decode (= 0.3.901)
    - nanopb/encode (= 0.3.901)
  - nanopb/decode (0.3.901)
  - nanopb/encode (0.3.901)
  - OCMock (3.4.3)
  - Protobuf (3.6.1)
  - SDWebImage (4.4.3):
    - SDWebImage/Core (= 4.4.3)
  - SDWebImage/Core (4.4.3)
  - TwitterCore (3.2.0)
  - TwitterKit (3.4.2):
    - TwitterCore (>= 3.2.0)

DEPENDENCIES:
  - FBSDKCoreKit (= 4.35.0)
  - FBSDKLoginKit (= 4.35.0)
  - Firebase/Database
  - Firebase/Firestore
  - Firebase/Storage
  - FirebaseAuth
  - GoogleSignIn (~> 4.0)
  - OCMock
  - SDWebImage (~> 4.0)
  - TwitterKit (~> 3.0)

SPEC REPOS:
  https://github.com/cocoapods/specs.git:
    - Bolts
    - BoringSSL
    - FBSDKCoreKit
    - FBSDKLoginKit
    - Firebase
    - FirebaseAuth
    - FirebaseAuthInterop
    - FirebaseCore
    - FirebaseDatabase
    - FirebaseFirestore
    - FirebaseStorage
    - GoogleSignIn
    - GoogleToolboxForMac
    - GoogleUtilities
    - "gRPC-C++"
    - gRPC-Core
    - GTMSessionFetcher
    - leveldb-library
    - nanopb
    - OCMock
    - Protobuf
    - SDWebImage
    - TwitterCore
    - TwitterKit

SPEC CHECKSUMS:
  Bolts: ac6567323eac61e203f6a9763667d0f711be34c8
  BoringSSL: e10f92a27043805c01071fe815a5cd98ae8212e7
  FBSDKCoreKit: 1a5b2e3ceb5ca827a53c54aa5f4a3480efff80d2
  FBSDKLoginKit: 00a3d65d1226852f9d76dcddff01981e5e6d9c38
  Firebase: 963d5685fae888a56d6d4d9cfce6b9c976958798
  FirebaseAuth: 4a5cc5fc2d1721e509e24699b93ebc3d94b1e195
  FirebaseAuthInterop: 0ffa57668be100582bb7643d4fcb7615496c41fc
  FirebaseCore: 8f49b70f57ab5cbb032ef41d64992ded21606459
  FirebaseDatabase: 0621689f77528d62b47e1c06ca737c4c19275d1a
  FirebaseFirestore: 0b2495ff27e5749fa0984c405ea58db3d070e075
  FirebaseStorage: 3d22c041370593e639fba013d1eb698a8dae2881
  GoogleSignIn: 7ff245e1a7b26d379099d3243a562f5747e23d39
  GoogleToolboxForMac: ff31605b7d66400dcec09bed5861689aebadda4d
  GoogleUtilities: 95996bea7c7d9b8fb811b7507669a4a8762f80c7
  "gRPC-C++": 19eec1ffd34de29453f5fab5b4697ad0f240ad51
  gRPC-Core: f4836515817c0eb479aeeb9cc27c91c4ba62a9f6
  GTMSessionFetcher: 32aeca0aa144acea523e1c8e053089dec2cb98ca
  leveldb-library: 08cba283675b7ed2d99629a4bc5fd052cd2bb6a5
  nanopb: 2901f78ea1b7b4015c860c2fdd1ea2fee1a18d48
  OCMock: 43565190abc78977ad44a61c0d20d7f0784d35ab
  Protobuf: 1eb9700044745f00181c136ef21b8ff3ad5a0fd5
  SDWebImage: c5594f1a19c48d526d321e548902b56b479cd508
  TwitterCore: 8cbc9ad34d91c63a0035ea05bfbfc0d7ca72a28c
  TwitterKit: 5e4f41d70b9abdb41df5467f52d7aa2c0fd26ebb

PODFILE CHECKSUM: 10ba268692b9a6f17ca1779789a385242ac59d5b

COCOAPODS: 1.5.3
