PODS:
  - Bolts (1.9.0):
    - Bolts/AppLinks (= 1.9.0)
    - Bolts/Tasks (= 1.9.0)
  - Bolts/AppLinks (1.9.0):
    - Bolts/Tasks
  - Bolts/Tasks (1.9.0)
  - BoringSSL-GRPC (0.0.2):
    - BoringSSL-GRPC/Implementation (= 0.0.2)
    - BoringSSL-GRPC/Interface (= 0.0.2)
  - BoringSSL-GRPC/Implementation (0.0.2):
    - BoringSSL-GRPC/Interface (= 0.0.2)
  - BoringSSL-GRPC/Interface (0.0.2)
  - FBSDKCoreKit (4.41.0):
    - Bolts (~> 1.9)
  - FBSDKLoginKit (4.41.0):
    - FBSDKCoreKit
  - Firebase/Auth (5.18.0):
    - Firebase/CoreOnly
    - FirebaseAuth (= 5.4.0)
  - Firebase/CoreOnly (5.18.0):
    - FirebaseCore (= 5.3.1)
  - Firebase/Database (5.18.0):
    - Firebase/CoreOnly
    - FirebaseDatabase (= 5.1.0)
  - Firebase/Firestore (5.18.0):
    - Firebase/CoreOnly
    - FirebaseFirestore (= 1.0.2)
  - Firebase/Storage (5.18.0):
    - Firebase/CoreOnly
    - FirebaseStorage (= 3.1.0)
  - FirebaseAuth (5.4.0):
    - FirebaseAuthInterop (~> 1.0)
    - FirebaseCore (~> 5.2)
    - GoogleUtilities/Environment (~> 5.2)
    - GTMSessionFetcher/Core (~> 1.1)
  - FirebaseAuthInterop (1.0.0)
  - FirebaseCore (5.3.1):
    - GoogleUtilities/Logger (~> 5.2)
  - FirebaseDatabase (5.1.0):
    - FirebaseAuthInterop (~> 1.0)
    - FirebaseCore (~> 5.2)
    - leveldb-library (~> 1.18)
  - FirebaseFirestore (1.0.2):
    - FirebaseAuthInterop (~> 1.0)
    - FirebaseCore (~> 5.2)
    - FirebaseFirestore/abseil-cpp (= 1.0.2)
    - "gRPC-C++ (= 0.0.6)"
    - leveldb-library (~> 1.20)
    - nanopb (~> 0.3.901)
    - Protobuf (~> 3.1)
  - FirebaseFirestore/abseil-cpp (1.0.2):
    - FirebaseAuthInterop (~> 1.0)
    - FirebaseCore (~> 5.2)
    - "gRPC-C++ (= 0.0.6)"
    - leveldb-library (~> 1.20)
    - nanopb (~> 0.3.901)
    - Protobuf (~> 3.1)
  - FirebaseStorage (3.1.0):
    - FirebaseAuthInterop (~> 1.0)
    - FirebaseCore (~> 5.2)
    - GTMSessionFetcher/Core (~> 1.1)
  - FirebaseUI (6.1.1):
    - FirebaseUI/Anonymous (= 6.1.1)
    - FirebaseUI/Auth (= 6.1.1)
    - FirebaseUI/Database (= 6.1.1)
    - FirebaseUI/Email (= 6.1.1)
    - FirebaseUI/Facebook (= 6.1.1)
    - FirebaseUI/Firestore (= 6.1.1)
    - FirebaseUI/Google (= 6.1.1)
    - FirebaseUI/OAuth (= 6.1.1)
    - FirebaseUI/Phone (= 6.1.1)
    - FirebaseUI/Storage (= 6.1.1)
    - FirebaseUI/Twitter (= 6.1.1)
  - FirebaseUI/Anonymous (6.1.1):
    - FirebaseUI/Auth
  - FirebaseUI/Auth (6.1.1):
    - Firebase/Auth (~> 5.0)
    - GoogleUtilities/UserDefaults
  - FirebaseUI/Database (6.1.1):
    - Firebase/Database (~> 5.0)
  - FirebaseUI/Email (6.1.1):
    - FirebaseUI/Auth
  - FirebaseUI/Facebook (6.1.1):
    - FBSDKLoginKit (~> 4.35)
    - FirebaseUI/Auth
  - FirebaseUI/Firestore (6.1.1):
    - Firebase/Firestore
  - FirebaseUI/Google (6.1.1):
    - FirebaseUI/Auth
    - GoogleSignIn (~> 4.0)
  - FirebaseUI/OAuth (6.1.1):
    - FirebaseUI/Auth
  - FirebaseUI/Phone (6.1.1):
    - FirebaseUI/Auth
  - FirebaseUI/Storage (6.1.1):
    - Firebase/Storage (~> 5.0)
    - SDWebImage (~> 4.0)
  - FirebaseUI/Twitter (6.1.1):
    - FirebaseUI/Auth
    - TwitterKit (~> 3.0)
  - GoogleSignIn (4.4.0):
    - "GoogleToolboxForMac/NSDictionary+URLArguments (~> 2.1)"
    - "GoogleToolboxForMac/NSString+URLArguments (~> 2.1)"
    - GTMSessionFetcher/Core (~> 1.1)
  - GoogleToolboxForMac/DebugUtils (2.2.0):
    - GoogleToolboxForMac/Defines (= 2.2.0)
  - GoogleToolboxForMac/Defines (2.2.0)
  - "GoogleToolboxForMac/NSDictionary+URLArguments (2.2.0)":
    - GoogleToolboxForMac/DebugUtils (= 2.2.0)
    - GoogleToolboxForMac/Defines (= 2.2.0)
    - "GoogleToolboxForMac/NSString+URLArguments (= 2.2.0)"
  - "GoogleToolboxForMac/NSString+URLArguments (2.2.0)"
  - GoogleUtilities/Environment (5.4.0)
  - GoogleUtilities/Logger (5.4.0):
    - GoogleUtilities/Environment
  - GoogleUtilities/UserDefaults (5.4.0):
    - GoogleUtilities/Logger
  - "gRPC-C++ (0.0.6)":
    - "gRPC-C++/Implementation (= 0.0.6)"
    - "gRPC-C++/Interface (= 0.0.6)"
  - "gRPC-C++/Implementation (0.0.6)":
    - "gRPC-C++/Interface (= 0.0.6)"
    - gRPC-Core (= 1.17.0)
    - nanopb (~> 0.3)
  - "gRPC-C++/Interface (0.0.6)"
  - gRPC-Core (1.17.0):
    - gRPC-Core/Implementation (= 1.17.0)
    - gRPC-Core/Interface (= 1.17.0)
  - gRPC-Core/Implementation (1.17.0):
    - BoringSSL-GRPC (= 0.0.2)
    - gRPC-Core/Interface (= 1.17.0)
    - nanopb (~> 0.3)
  - gRPC-Core/Interface (1.17.0)
  - GTMSessionFetcher/Core (1.2.1)
  - leveldb-library (1.20)
  - nanopb (0.3.901):
    - nanopb/decode (= 0.3.901)
    - nanopb/encode (= 0.3.901)
  - nanopb/decode (0.3.901)
  - nanopb/encode (0.3.901)
  - OCMock (3.4.3)
  - Protobuf (3.7.0)
  - SDWebImage (4.4.6):
    - SDWebImage/Core (= 4.4.6)
  - SDWebImage/Core (4.4.6)
  - TwitterCore (3.2.0)
  - TwitterKit (3.4.2):
    - TwitterCore (>= 3.2.0)

DEPENDENCIES:
  - FirebaseUI (from `../`)
  - OCMock

SPEC REPOS:
  https://github.com/cocoapods/specs.git:
    - Bolts
    - BoringSSL-GRPC
    - FBSDKCoreKit
    - FBSDKLoginKit
    - Firebase
    - FirebaseAuth
    - FirebaseAuthInterop
    - FirebaseCore
    - FirebaseDatabase
    - FirebaseFirestore
    - FirebaseStorage
    - GoogleSignIn
    - GoogleToolboxForMac
    - GoogleUtilities
    - "gRPC-C++"
    - gRPC-Core
    - GTMSessionFetcher
    - leveldb-library
    - nanopb
    - OCMock
    - Protobuf
    - SDWebImage
    - TwitterCore
    - TwitterKit

EXTERNAL SOURCES:
  FirebaseUI:
    :path: "../"

SPEC CHECKSUMS:
  Bolts: ac6567323eac61e203f6a9763667d0f711be34c8
  BoringSSL-GRPC: 2a230d9cd93e7ce39916044f645cebb31f37dde6
  FBSDKCoreKit: 974810fe3806173f3777c68062fa8ed6fa59b59d
  FBSDKLoginKit: 159a5c2eebe6a0774c3b128f5085128679233d2b
  Firebase: 02f3281965c075426141a0ce1277e9de6649cab9
  FirebaseAuth: d85d052354447f30b4b2a805ab91b511458b56a6
  FirebaseAuthInterop: 0ffa57668be100582bb7643d4fcb7615496c41fc
  FirebaseCore: 52f851b30e11360f1e67cf04b1edfebf0a47a2d3
  FirebaseDatabase: 23acb0c53cd4d4070a427b60100b2e4aaa97c45d
  FirebaseFirestore: ccdaffb8a73c591ff61872b8f7905ad0c237ef50
  FirebaseStorage: 29075f874c2b3cf61e5221a62c4ceefc809e5412
  FirebaseUI: fc3584df29e96959d895677274681939fa30dbe5
  GoogleSignIn: 7ff245e1a7b26d379099d3243a562f5747e23d39
  GoogleToolboxForMac: ff31605b7d66400dcec09bed5861689aebadda4d
  GoogleUtilities: fa768ad04b264be250ee9edf9f378ad006f7a560
  "gRPC-C++": e76441995900ac90e9bd98644ab4733f12521edf
  gRPC-Core: 4028031ed2c5267cca0d846c876d8046b1ecb9b6
  GTMSessionFetcher: 32aeca0aa144acea523e1c8e053089dec2cb98ca
  leveldb-library: 08cba283675b7ed2d99629a4bc5fd052cd2bb6a5
  nanopb: 2901f78ea1b7b4015c860c2fdd1ea2fee1a18d48
  OCMock: 43565190abc78977ad44a61c0d20d7f0784d35ab
  Protobuf: 7a877b7f3e5964e3fce995e2eb323dbc6831bb5a
  SDWebImage: 3f3f0c02f09798048c47a5ed0a13f17b063572d8
  TwitterCore: 8cbc9ad34d91c63a0035ea05bfbfc0d7ca72a28c
  TwitterKit: 5e4f41d70b9abdb41df5467f52d7aa2c0fd26ebb

PODFILE CHECKSUM: 7865b2c90bcd66ccbc77a55fe5ad402dbe2b63a0

COCOAPODS: 1.6.1
