PODS:
  - BoringSSL-GRPC (0.0.3):
    - BoringSSL-GRPC/Implementation (= 0.0.3)
    - BoringSSL-GRPC/Interface (= 0.0.3)
  - BoringSSL-GRPC/Implementation (0.0.3):
    - BoringSSL-GRPC/Interface (= 0.0.3)
  - BoringSSL-GRPC/Interface (0.0.3)
  - FBSDKCoreKit (5.0.1):
    - FBSDKCoreKit/Basics (= 5.0.1)
    - FBSDKCoreKit/Core (= 5.0.1)
  - FBSDKCoreKit/Basics (5.0.1)
  - FBSDKCoreKit/Core (5.0.1):
    - FBSDKCoreKit/Basics
  - FBSDKLoginKit (5.0.1):
    - FBSDKCoreKit (~> 5.0)
  - Firebase/Auth (6.2.0):
    - Firebase/CoreOnly
    - FirebaseAuth (~> 6.1.1)
  - Firebase/CoreOnly (6.2.0):
    - FirebaseCore (= 6.0.2)
  - Firebase/Database (6.2.0):
    - Firebase/CoreOnly
    - FirebaseDatabase (~> 6.0.0)
  - Firebase/Firestore (6.2.0):
    - Firebase/CoreOnly
    - FirebaseFirestore (~> 1.3.2)
  - FirebaseAuth (6.1.1):
    - FirebaseAuthInterop (~> 1.0)
    - FirebaseCore (~> 6.0)
    - GoogleUtilities/AppDelegateSwizzler (~> 6.2)
    - GoogleUtilities/Environment (~> 6.2)
    - GTMSessionFetcher/Core (~> 1.1)
  - FirebaseAuthInterop (1.0.0)
  - FirebaseCore (6.0.2):
    - GoogleUtilities/Environment (~> 6.0)
    - GoogleUtilities/Logger (~> 6.0)
  - FirebaseDatabase (6.0.0):
    - FirebaseAuthInterop (~> 1.0)
    - FirebaseCore (~> 6.0)
    - leveldb-library (~> 1.18)
  - FirebaseFirestore (1.3.2):
    - FirebaseAuthInterop (~> 1.0)
    - FirebaseCore (~> 6.0)
    - FirebaseFirestore/abseil-cpp (= 1.3.2)
    - "gRPC-C++ (= 0.0.9)"
    - leveldb-library (~> 1.20)
    - nanopb (~> 0.3.901)
    - Protobuf (~> 3.1)
  - FirebaseFirestore/abseil-cpp (1.3.2):
    - FirebaseAuthInterop (~> 1.0)
    - FirebaseCore (~> 6.0)
    - "gRPC-C++ (= 0.0.9)"
    - leveldb-library (~> 1.20)
    - nanopb (~> 0.3.901)
    - Protobuf (~> 3.1)
  - FirebaseStorage (3.2.1):
    - FirebaseAuthInterop (~> 1.0)
    - FirebaseCore (~> 6.0)
    - GTMSessionFetcher/Core (~> 1.1)
  - FirebaseUI (7.0.0):
    - FirebaseUI/Anonymous (= 7.0.0)
    - FirebaseUI/Auth (= 7.0.0)
    - FirebaseUI/Database (= 7.0.0)
    - FirebaseUI/Email (= 7.0.0)
    - FirebaseUI/Facebook (= 7.0.0)
    - FirebaseUI/Firestore (= 7.0.0)
    - FirebaseUI/Google (= 7.0.0)
    - FirebaseUI/OAuth (= 7.0.0)
    - FirebaseUI/Phone (= 7.0.0)
    - FirebaseUI/Storage (= 7.0.0)
  - FirebaseUI/Anonymous (7.0.0):
    - FirebaseUI/Auth
  - FirebaseUI/Auth (7.0.0):
    - Firebase/Auth (~> 6.0)
    - GoogleUtilities/UserDefaults
  - FirebaseUI/Database (7.0.0):
    - Firebase/Database (~> 6.0)
  - FirebaseUI/Email (7.0.0):
    - FirebaseUI/Auth
  - FirebaseUI/Facebook (7.0.0):
    - FBSDKLoginKit (~> 5.0)
    - FirebaseUI/Auth
  - FirebaseUI/Firestore (7.0.0):
    - Firebase/Firestore
  - FirebaseUI/Google (7.0.0):
    - FirebaseUI/Auth
    - GoogleSignIn (~> 4.0)
  - FirebaseUI/OAuth (7.0.0):
    - FirebaseUI/Auth
  - FirebaseUI/Phone (7.0.0):
    - FirebaseUI/Auth
  - FirebaseUI/Storage (7.0.0):
    - FirebaseStorage (~> 3.2.0)
    - SDWebImage (~> 5.0)
  - GoogleSignIn (4.4.0):
    - "GoogleToolboxForMac/NSDictionary+URLArguments (~> 2.1)"
    - "GoogleToolboxForMac/NSString+URLArguments (~> 2.1)"
    - GTMSessionFetcher/Core (~> 1.1)
  - GoogleToolboxForMac/DebugUtils (2.2.1):
    - GoogleToolboxForMac/Defines (= 2.2.1)
  - GoogleToolboxForMac/Defines (2.2.1)
  - "GoogleToolboxForMac/NSDictionary+URLArguments (2.2.1)":
    - GoogleToolboxForMac/DebugUtils (= 2.2.1)
    - GoogleToolboxForMac/Defines (= 2.2.1)
    - "GoogleToolboxForMac/NSString+URLArguments (= 2.2.1)"
  - "GoogleToolboxForMac/NSString+URLArguments (2.2.1)"
  - GoogleUtilities/AppDelegateSwizzler (6.2.0):
    - GoogleUtilities/Environment
    - GoogleUtilities/Logger
    - GoogleUtilities/Network
  - GoogleUtilities/Environment (6.2.0)
  - GoogleUtilities/Logger (6.2.0):
    - GoogleUtilities/Environment
  - GoogleUtilities/Network (6.2.0):
    - GoogleUtilities/Logger
    - "GoogleUtilities/NSData+zlib"
    - GoogleUtilities/Reachability
  - "GoogleUtilities/NSData+zlib (6.2.0)"
  - GoogleUtilities/Reachability (6.2.0):
    - GoogleUtilities/Logger
  - GoogleUtilities/UserDefaults (6.2.0):
    - GoogleUtilities/Logger
  - "gRPC-C++ (0.0.9)":
    - "gRPC-C++/Implementation (= 0.0.9)"
    - "gRPC-C++/Interface (= 0.0.9)"
  - "gRPC-C++/Implementation (0.0.9)":
    - "gRPC-C++/Interface (= 0.0.9)"
    - gRPC-Core (= 1.21.0)
    - nanopb (~> 0.3)
  - "gRPC-C++/Interface (0.0.9)"
  - gRPC-Core (1.21.0):
    - gRPC-Core/Implementation (= 1.21.0)
    - gRPC-Core/Interface (= 1.21.0)
  - gRPC-Core/Implementation (1.21.0):
    - BoringSSL-GRPC (= 0.0.3)
    - gRPC-Core/Interface (= 1.21.0)
    - nanopb (~> 0.3)
  - gRPC-Core/Interface (1.21.0)
  - GTMSessionFetcher/Core (1.2.2)
  - leveldb-library (1.20)
  - nanopb (0.3.901):
    - nanopb/decode (= 0.3.901)
    - nanopb/encode (= 0.3.901)
  - nanopb/decode (0.3.901)
  - nanopb/encode (0.3.901)
  - OCMock (3.4.3)
  - Protobuf (3.8.0)
  - SDWebImage (5.0.4):
    - SDWebImage/Core (= 5.0.4)
  - SDWebImage/Core (5.0.4)

DEPENDENCIES:
  - FirebaseUI (from `../`)
  - OCMock

SPEC REPOS:
  https://github.com/cocoapods/specs.git:
    - BoringSSL-GRPC
    - FBSDKCoreKit
    - FBSDKLoginKit
    - FirebaseAuthInterop
    - FirebaseDatabase
    - FirebaseStorage
    - GoogleSignIn
    - GoogleToolboxForMac
    - GoogleUtilities
    - "gRPC-C++"
    - gRPC-Core
    - GTMSessionFetcher
    - leveldb-library
    - nanopb
    - OCMock
    - Protobuf
    - SDWebImage
  sso://cpdc-internal/firebase:
    - Firebase
    - FirebaseAuth
    - FirebaseCore
    - FirebaseFirestore

EXTERNAL SOURCES:
  FirebaseUI:
    :path: "../"

SPEC CHECKSUMS:
  BoringSSL-GRPC: db8764df3204ccea016e1c8dd15d9a9ad63ff318
  FBSDKCoreKit: 4a19534474ade7c71bd016d800aa5e7722bcdda1
  FBSDKLoginKit: 41efa754b909b0ea813fa9a8596dacc8ed196d50
  Firebase: 2b6ffcbe90cce1552d1d0500ccf8bceda3fb954e
  FirebaseAuth: 86bc609c56b537aab64867948efdf5ddf17377f9
  FirebaseAuthInterop: 0ffa57668be100582bb7643d4fcb7615496c41fc
  FirebaseCore: b0f0262acebfa540e5f97b3832dbb13186980822
  FirebaseDatabase: f48e067716864be2b855cf716b927ef375d6cfa0
  FirebaseFirestore: d9c55dfd0cd648f420cc8340c4940dc3eab2d860
  FirebaseStorage: 926d41552072b9fee67aa645760f05f87b7ce604
  FirebaseUI: f9367cd5cacde991d9bcce9278d3fcb858f84f6a
  GoogleSignIn: 7ff245e1a7b26d379099d3243a562f5747e23d39
  GoogleToolboxForMac: b3553629623a3b1bff17f555e736cd5a6d95ad55
  GoogleUtilities: 996e0db07153674fd1b54b220fda3a3dc3547cba
  "gRPC-C++": 9dfe7b44821e7b3e44aacad2af29d2c21f7cde83
  gRPC-Core: c9aef9a261a1247e881b18059b84d597293c9947
  GTMSessionFetcher: 61bb0f61a4cb560030f1222021178008a5727a23
  leveldb-library: 08cba283675b7ed2d99629a4bc5fd052cd2bb6a5
  nanopb: 2901f78ea1b7b4015c860c2fdd1ea2fee1a18d48
  OCMock: 43565190abc78977ad44a61c0d20d7f0784d35ab
  Protobuf: 3f617b9a6e73605565086864c9bc26b2bf2dd5a3
  SDWebImage: c739016e4bdf0a4a1f9a04b5e0385395ad63a282

PODFILE CHECKSUM: 25ee3222514135ac01cd7ae930ab3a8da19e0dc6

COCOAPODS: 1.7.0
