PODS:
  - Firebase/CoreOnly (5.18.0):
    - FirebaseCore (= 5.3.1)
  - Firebase/Database (5.18.0):
    - Firebase/CoreOnly
    - FirebaseDatabase (= 5.1.0)
  - FirebaseAuthInterop (1.0.0)
  - FirebaseCore (5.3.1):
    - GoogleUtilities/Logger (~> 5.2)
  - FirebaseDatabase (5.1.0):
    - FirebaseAuthInterop (~> 1.0)
    - FirebaseCore (~> 5.2)
    - leveldb-library (~> 1.18)
  - GoogleUtilities/Environment (5.4.0)
  - GoogleUtilities/Logger (5.4.0):
    - GoogleUtilities/Environment
  - leveldb-library (1.20)

DEPENDENCIES:
  - Firebase/Database

SPEC REPOS:
  https://github.com/cocoapods/specs.git:
    - Firebase
    - FirebaseAuthInterop
    - FirebaseCore
    - FirebaseDatabase
    - GoogleUtilities
    - leveldb-library

SPEC CHECKSUMS:
  Firebase: 02f3281965c075426141a0ce1277e9de6649cab9
  FirebaseAuthInterop: 0ffa57668be100582bb7643d4fcb7615496c41fc
  FirebaseCore: 52f851b30e11360f1e67cf04b1edfebf0a47a2d3
  FirebaseDatabase: 23acb0c53cd4d4070a427b60100b2e4aaa97c45d
  GoogleUtilities: fa768ad04b264be250ee9edf9f378ad006f7a560
  leveldb-library: 08cba283675b7ed2d99629a4bc5fd052cd2bb6a5

PODFILE CHECKSUM: bda09b36258aaeb3173b0f54503ed0ad215ff550

COCOAPODS: 1.6.1
