PODS:
  - abseil/algorithm (0.20200225.0):
    - abseil/algorithm/algorithm (= 0.20200225.0)
    - abseil/algorithm/container (= 0.20200225.0)
  - abseil/algorithm/algorithm (0.20200225.0):
    - abseil/base/config
  - abseil/algorithm/container (0.20200225.0):
    - abseil/algorithm/algorithm
    - abseil/base/core_headers
    - abseil/meta/type_traits
  - abseil/base (0.20200225.0):
    - abseil/base/atomic_hook (= 0.20200225.0)
    - abseil/base/base (= 0.20200225.0)
    - abseil/base/base_internal (= 0.20200225.0)
    - abseil/base/bits (= 0.20200225.0)
    - abseil/base/config (= 0.20200225.0)
    - abseil/base/core_headers (= 0.20200225.0)
    - abseil/base/dynamic_annotations (= 0.20200225.0)
    - abseil/base/endian (= 0.20200225.0)
    - abseil/base/errno_saver (= 0.20200225.0)
    - abseil/base/exponential_biased (= 0.20200225.0)
    - abseil/base/log_severity (= 0.20200225.0)
    - abseil/base/malloc_internal (= 0.20200225.0)
    - abseil/base/periodic_sampler (= 0.20200225.0)
    - abseil/base/pretty_function (= 0.20200225.0)
    - abseil/base/raw_logging_internal (= 0.20200225.0)
    - abseil/base/spinlock_wait (= 0.20200225.0)
    - abseil/base/throw_delegate (= 0.20200225.0)
  - abseil/base/atomic_hook (0.20200225.0):
    - abseil/base/config
    - abseil/base/core_headers
  - abseil/base/base (0.20200225.0):
    - abseil/base/atomic_hook
    - abseil/base/base_internal
    - abseil/base/config
    - abseil/base/core_headers
    - abseil/base/dynamic_annotations
    - abseil/base/log_severity
    - abseil/base/raw_logging_internal
    - abseil/base/spinlock_wait
    - abseil/meta/type_traits
  - abseil/base/base_internal (0.20200225.0):
    - abseil/base/config
    - abseil/meta/type_traits
  - abseil/base/bits (0.20200225.0):
    - abseil/base/config
    - abseil/base/core_headers
  - abseil/base/config (0.20200225.0)
  - abseil/base/core_headers (0.20200225.0):
    - abseil/base/config
  - abseil/base/dynamic_annotations (0.20200225.0)
  - abseil/base/endian (0.20200225.0):
    - abseil/base/config
    - abseil/base/core_headers
  - abseil/base/errno_saver (0.20200225.0):
    - abseil/base/config
  - abseil/base/exponential_biased (0.20200225.0):
    - abseil/base/config
    - abseil/base/core_headers
  - abseil/base/log_severity (0.20200225.0):
    - abseil/base/config
    - abseil/base/core_headers
  - abseil/base/malloc_internal (0.20200225.0):
    - abseil/base/base
    - abseil/base/base_internal
    - abseil/base/config
    - abseil/base/core_headers
    - abseil/base/dynamic_annotations
    - abseil/base/raw_logging_internal
  - abseil/base/periodic_sampler (0.20200225.0):
    - abseil/base/core_headers
    - abseil/base/exponential_biased
  - abseil/base/pretty_function (0.20200225.0)
  - abseil/base/raw_logging_internal (0.20200225.0):
    - abseil/base/atomic_hook
    - abseil/base/config
    - abseil/base/core_headers
    - abseil/base/log_severity
  - abseil/base/spinlock_wait (0.20200225.0):
    - abseil/base/base_internal
    - abseil/base/core_headers
    - abseil/base/errno_saver
  - abseil/base/throw_delegate (0.20200225.0):
    - abseil/base/config
    - abseil/base/raw_logging_internal
  - abseil/container/compressed_tuple (0.20200225.0):
    - abseil/utility/utility
  - abseil/container/inlined_vector (0.20200225.0):
    - abseil/algorithm/algorithm
    - abseil/base/core_headers
    - abseil/base/throw_delegate
    - abseil/container/inlined_vector_internal
    - abseil/memory/memory
  - abseil/container/inlined_vector_internal (0.20200225.0):
    - abseil/base/core_headers
    - abseil/container/compressed_tuple
    - abseil/memory/memory
    - abseil/meta/type_traits
    - abseil/types/span
  - abseil/memory (0.20200225.0):
    - abseil/memory/memory (= 0.20200225.0)
  - abseil/memory/memory (0.20200225.0):
    - abseil/base/core_headers
    - abseil/meta/type_traits
  - abseil/meta (0.20200225.0):
    - abseil/meta/type_traits (= 0.20200225.0)
  - abseil/meta/type_traits (0.20200225.0):
    - abseil/base/config
  - abseil/numeric/int128 (0.20200225.0):
    - abseil/base/config
    - abseil/base/core_headers
  - abseil/strings/internal (0.20200225.0):
    - abseil/base/config
    - abseil/base/core_headers
    - abseil/base/endian
    - abseil/base/raw_logging_internal
    - abseil/meta/type_traits
  - abseil/strings/str_format (0.20200225.0):
    - abseil/strings/str_format_internal
  - abseil/strings/str_format_internal (0.20200225.0):
    - abseil/base/config
    - abseil/base/core_headers
    - abseil/meta/type_traits
    - abseil/numeric/int128
    - abseil/strings/strings
    - abseil/types/span
  - abseil/strings/strings (0.20200225.0):
    - abseil/base/base
    - abseil/base/bits
    - abseil/base/config
    - abseil/base/core_headers
    - abseil/base/endian
    - abseil/base/raw_logging_internal
    - abseil/base/throw_delegate
    - abseil/memory/memory
    - abseil/meta/type_traits
    - abseil/numeric/int128
    - abseil/strings/internal
  - abseil/time (0.20200225.0):
    - abseil/time/internal (= 0.20200225.0)
    - abseil/time/time (= 0.20200225.0)
  - abseil/time/internal (0.20200225.0):
    - abseil/time/internal/cctz (= 0.20200225.0)
  - abseil/time/internal/cctz (0.20200225.0):
    - abseil/time/internal/cctz/civil_time (= 0.20200225.0)
    - abseil/time/internal/cctz/time_zone (= 0.20200225.0)
  - abseil/time/internal/cctz/civil_time (0.20200225.0):
    - abseil/base/config
  - abseil/time/internal/cctz/time_zone (0.20200225.0):
    - abseil/base/config
    - abseil/time/internal/cctz/civil_time
  - abseil/time/time (0.20200225.0):
    - abseil/base/base
    - abseil/base/core_headers
    - abseil/base/raw_logging_internal
    - abseil/numeric/int128
    - abseil/strings/strings
    - abseil/time/internal/cctz/civil_time
    - abseil/time/internal/cctz/time_zone
  - abseil/types (0.20200225.0):
    - abseil/types/any (= 0.20200225.0)
    - abseil/types/bad_any_cast (= 0.20200225.0)
    - abseil/types/bad_any_cast_impl (= 0.20200225.0)
    - abseil/types/bad_optional_access (= 0.20200225.0)
    - abseil/types/bad_variant_access (= 0.20200225.0)
    - abseil/types/compare (= 0.20200225.0)
    - abseil/types/optional (= 0.20200225.0)
    - abseil/types/span (= 0.20200225.0)
    - abseil/types/variant (= 0.20200225.0)
  - abseil/types/any (0.20200225.0):
    - abseil/base/config
    - abseil/base/core_headers
    - abseil/meta/type_traits
    - abseil/types/bad_any_cast
    - abseil/utility/utility
  - abseil/types/bad_any_cast (0.20200225.0):
    - abseil/base/config
    - abseil/types/bad_any_cast_impl
  - abseil/types/bad_any_cast_impl (0.20200225.0):
    - abseil/base/config
    - abseil/base/raw_logging_internal
  - abseil/types/bad_optional_access (0.20200225.0):
    - abseil/base/config
    - abseil/base/raw_logging_internal
  - abseil/types/bad_variant_access (0.20200225.0):
    - abseil/base/config
    - abseil/base/raw_logging_internal
  - abseil/types/compare (0.20200225.0):
    - abseil/base/core_headers
    - abseil/meta/type_traits
  - abseil/types/optional (0.20200225.0):
    - abseil/base/base_internal
    - abseil/base/config
    - abseil/base/core_headers
    - abseil/memory/memory
    - abseil/meta/type_traits
    - abseil/types/bad_optional_access
    - abseil/utility/utility
  - abseil/types/span (0.20200225.0):
    - abseil/algorithm/algorithm
    - abseil/base/core_headers
    - abseil/base/throw_delegate
    - abseil/meta/type_traits
  - abseil/types/variant (0.20200225.0):
    - abseil/base/base_internal
    - abseil/base/config
    - abseil/base/core_headers
    - abseil/meta/type_traits
    - abseil/types/bad_variant_access
    - abseil/utility/utility
  - abseil/utility/utility (0.20200225.0):
    - abseil/base/base_internal
    - abseil/base/config
    - abseil/meta/type_traits
  - AppAuth (1.4.0):
    - AppAuth/Core (= 1.4.0)
    - AppAuth/ExternalUserAgent (= 1.4.0)
  - AppAuth/Core (1.4.0)
  - AppAuth/ExternalUserAgent (1.4.0)
  - BoringSSL-GRPC (0.0.7):
    - BoringSSL-GRPC/Implementation (= 0.0.7)
    - BoringSSL-GRPC/Interface (= 0.0.7)
  - BoringSSL-GRPC/Implementation (0.0.7):
    - BoringSSL-GRPC/Interface (= 0.0.7)
  - BoringSSL-GRPC/Interface (0.0.7)
  - FBSDKCoreKit (11.0.1):
    - FBSDKCoreKit/Core (= 11.0.1)
  - FBSDKCoreKit/Core (11.0.1):
    - FBSDKCoreKit_Basics (~> 11.0.1)
  - FBSDKCoreKit_Basics (11.0.1):
    - FBSDKCoreKit_Basics/Basics (= 11.0.1)
  - FBSDKCoreKit_Basics/Basics (11.0.1)
  - FBSDKLoginKit (11.0.1):
    - FBSDKLoginKit/Login (= 11.0.1)
  - FBSDKLoginKit/Login (11.0.1):
    - FBSDKCoreKit (~> 11.0.1)
    - FBSDKCoreKit_Basics (~> 11.0.1)
  - FirebaseAnonymousAuthUI (11.0.3):
    - FirebaseAuth (~> 8.0)
    - FirebaseAuthUI
    - FirebaseCore
  - FirebaseAuth (8.3.0):
    - FirebaseCore (~> 8.0)
    - GoogleUtilities/AppDelegateSwizzler (~> 7.4)
    - GoogleUtilities/Environment (~> 7.4)
    - GTMSessionFetcher/Core (~> 1.5)
  - FirebaseAuthUI (11.0.3):
    - FirebaseAuth (~> 8.0)
    - FirebaseCore
  - FirebaseCore (8.3.0):
    - FirebaseCoreDiagnostics (~> 8.0)
    - GoogleUtilities/Environment (~> 7.4)
    - GoogleUtilities/Logger (~> 7.4)
  - FirebaseCoreDiagnostics (8.3.0):
    - GoogleDataTransport (~> 9.0)
    - GoogleUtilities/Environment (~> 7.4)
    - GoogleUtilities/Logger (~> 7.4)
    - nanopb (~> 2.30908.0)
  - FirebaseDatabase (8.3.0):
    - FirebaseCore (~> 8.0)
    - leveldb-library (~> 1.22)
  - FirebaseDatabaseUI (11.0.3):
    - FirebaseDatabase (~> 8.0)
  - FirebaseEmailAuthUI (11.0.3):
    - FirebaseAuth
    - FirebaseAuthUI
    - FirebaseCore
    - GoogleUtilities/UserDefaults
  - FirebaseFacebookAuthUI (11.1.3):
    - FBSDKCoreKit_Basics
    - FBSDKLoginKit (~> 11.0)
    - FirebaseAuth
    - FirebaseAuthUI
    - FirebaseCore
  - FirebaseFirestore (8.3.0):
    - abseil/algorithm (= 0.20200225.0)
    - abseil/base (= 0.20200225.0)
    - abseil/memory (= 0.20200225.0)
    - abseil/meta (= 0.20200225.0)
    - abseil/strings/strings (= 0.20200225.0)
    - abseil/time (= 0.20200225.0)
    - abseil/types (= 0.20200225.0)
    - FirebaseCore (~> 8.0)
    - "gRPC-C++ (~> 1.28.0)"
    - leveldb-library (~> 1.22)
    - nanopb (~> 2.30908.0)
  - FirebaseFirestoreUI (11.0.3):
    - FirebaseFirestore (~> 8.0)
  - FirebaseGoogleAuthUI (11.0.3):
    - FirebaseAuth
    - FirebaseAuthUI
    - FirebaseCore
    - GoogleSignIn (~> 6.0)
  - FirebaseOAuthUI (11.1.3):
    - FirebaseAuth (~> 8.0)
    - FirebaseAuthUI
  - FirebasePhoneAuthUI (11.0.3):
    - FirebaseAuth
    - FirebaseAuthUI
  - FirebaseStorage (8.3.0):
    - FirebaseCore (~> 8.0)
    - GTMSessionFetcher/Core (~> 1.5)
  - FirebaseStorageUI (11.0.3):
    - FirebaseStorage (~> 8.0)
    - SDWebImage (~> 5.6)
  - FirebaseUI (11.0.3):
    - FirebaseUI/Anonymous (= 11.0.3)
    - FirebaseUI/Auth (= 11.0.3)
    - FirebaseUI/Database (= 11.0.3)
    - FirebaseUI/Email (= 11.0.3)
    - FirebaseUI/Facebook (= 11.0.3)
    - FirebaseUI/Firestore (= 11.0.3)
    - FirebaseUI/Google (= 11.0.3)
    - FirebaseUI/OAuth (= 11.0.3)
    - FirebaseUI/Phone (= 11.0.3)
    - FirebaseUI/Storage (= 11.0.3)
  - FirebaseUI/Anonymous (11.0.3):
    - FirebaseAnonymousAuthUI (~> 11.0)
  - FirebaseUI/Auth (11.0.3):
    - FirebaseAuthUI (~> 11.0)
  - FirebaseUI/Database (11.0.3):
    - FirebaseDatabaseUI (~> 11.0)
  - FirebaseUI/Email (11.0.3):
    - FirebaseEmailAuthUI (~> 11.0)
  - FirebaseUI/Facebook (11.0.3):
    - FirebaseFacebookAuthUI (~> 11.0)
  - FirebaseUI/Firestore (11.0.3):
    - FirebaseFirestoreUI (~> 11.0)
  - FirebaseUI/Google (11.0.3):
    - FirebaseGoogleAuthUI (~> 11.0)
  - FirebaseUI/OAuth (11.0.3):
    - FirebaseOAuthUI (~> 11.0)
  - FirebaseUI/Phone (11.0.3):
    - FirebasePhoneAuthUI (~> 11.0)
  - FirebaseUI/Storage (11.0.3):
    - FirebaseStorageUI (~> 11.0)
  - GoogleDataTransport (9.1.0):
    - GoogleUtilities/Environment (~> 7.2)
    - nanopb (~> 2.30908.0)
    - PromisesObjC (< 3.0, >= 1.2)
  - GoogleSignIn (6.0.0):
    - AppAuth (~> 1.4)
    - GTMAppAuth (~> 1.0)
    - GTMSessionFetcher/Core (~> 1.1)
  - GoogleUtilities/AppDelegateSwizzler (7.5.0):
    - GoogleUtilities/Environment
    - GoogleUtilities/Logger
    - GoogleUtilities/Network
  - GoogleUtilities/Environment (7.5.0):
    - PromisesObjC (< 3.0, >= 1.2)
  - GoogleUtilities/Logger (7.5.0):
    - GoogleUtilities/Environment
  - GoogleUtilities/Network (7.5.0):
    - GoogleUtilities/Logger
    - "GoogleUtilities/NSData+zlib"
    - GoogleUtilities/Reachability
  - "GoogleUtilities/NSData+zlib (7.5.0)"
  - GoogleUtilities/Reachability (7.5.0):
    - GoogleUtilities/Logger
  - GoogleUtilities/UserDefaults (7.5.0):
    - GoogleUtilities/Logger
  - "gRPC-C++ (1.28.2)":
    - "gRPC-C++/Implementation (= 1.28.2)"
    - "gRPC-C++/Interface (= 1.28.2)"
  - "gRPC-C++/Implementation (1.28.2)":
    - abseil/container/inlined_vector (= 0.20200225.0)
    - abseil/memory/memory (= 0.20200225.0)
    - abseil/strings/str_format (= 0.20200225.0)
    - abseil/strings/strings (= 0.20200225.0)
    - abseil/types/optional (= 0.20200225.0)
    - "gRPC-C++/Interface (= 1.28.2)"
    - gRPC-Core (= 1.28.2)
  - "gRPC-C++/Interface (1.28.2)"
  - gRPC-Core (1.28.2):
    - gRPC-Core/Implementation (= 1.28.2)
    - gRPC-Core/Interface (= 1.28.2)
  - gRPC-Core/Implementation (1.28.2):
    - abseil/container/inlined_vector (= 0.20200225.0)
    - abseil/memory/memory (= 0.20200225.0)
    - abseil/strings/str_format (= 0.20200225.0)
    - abseil/strings/strings (= 0.20200225.0)
    - abseil/types/optional (= 0.20200225.0)
    - BoringSSL-GRPC (= 0.0.7)
    - gRPC-Core/Interface (= 1.28.2)
  - gRPC-Core/Interface (1.28.2)
  - GTMAppAuth (1.2.2):
    - AppAuth/Core (~> 1.4)
    - GTMSessionFetcher/Core (~> 1.5)
  - GTMSessionFetcher/Core (1.6.1)
  - leveldb-library (1.22.1)
  - nanopb (2.30908.0):
    - nanopb/decode (= 2.30908.0)
    - nanopb/encode (= 2.30908.0)
  - nanopb/decode (2.30908.0)
  - nanopb/encode (2.30908.0)
  - PromisesObjC (2.0.0)
  - SDWebImage (5.11.1):
    - SDWebImage/Core (= 5.11.1)
  - SDWebImage/Core (5.11.1)

DEPENDENCIES:
  - FirebaseAnonymousAuthUI (from `../../`)
  - FirebaseAuthUI (from `../../`)
  - FirebaseDatabaseUI (from `../../`)
  - FirebaseEmailAuthUI (from `../../`)
  - FirebaseFacebookAuthUI (from `../../`)
  - FirebaseFirestoreUI (from `../../`)
  - FirebaseGoogleAuthUI (from `../../`)
  - FirebaseOAuthUI (from `../../`)
  - FirebasePhoneAuthUI (from `../../`)
  - FirebaseStorageUI (from `../../`)
  - FirebaseUI (from `../../`)

SPEC REPOS:
  trunk:
    - abseil
    - AppAuth
    - BoringSSL-GRPC
    - FBSDKCoreKit
    - FBSDKCoreKit_Basics
    - FBSDKLoginKit
    - FirebaseAuth
    - FirebaseCore
    - FirebaseCoreDiagnostics
    - FirebaseDatabase
    - FirebaseFirestore
    - FirebaseStorage
    - GoogleDataTransport
    - GoogleSignIn
    - GoogleUtilities
    - "gRPC-C++"
    - gRPC-Core
    - GTMAppAuth
    - GTMSessionFetcher
    - leveldb-library
    - nanopb
    - PromisesObjC
    - SDWebImage

EXTERNAL SOURCES:
  FirebaseAnonymousAuthUI:
    :path: "../../"
  FirebaseAuthUI:
    :path: "../../"
  FirebaseDatabaseUI:
    :path: "../../"
  FirebaseEmailAuthUI:
    :path: "../../"
  FirebaseFacebookAuthUI:
    :path: "../../"
  FirebaseFirestoreUI:
    :path: "../../"
  FirebaseGoogleAuthUI:
    :path: "../../"
  FirebaseOAuthUI:
    :path: "../../"
  FirebasePhoneAuthUI:
    :path: "../../"
  FirebaseStorageUI:
    :path: "../../"
  FirebaseUI:
    :path: "../../"

SPEC CHECKSUMS:
  abseil: 6c8eb7892aefa08d929b39f9bb108e5367e3228f
  AppAuth: 31bcec809a638d7bd2f86ea8a52bd45f6e81e7c7
  BoringSSL-GRPC: 8edf627ee524575e2f8d19d56f068b448eea3879
  FBSDKCoreKit: 38c9e29a3f1436362acacff6486d3a28628c288f
  FBSDKCoreKit_Basics: 06780a4a12e16596bde8406add02c6aa1bf38616
  FBSDKLoginKit: 8243e04c590c38b85c69fcf09d1234514d2475c3
  FirebaseAnonymousAuthUI: 64de9383870378e8f16ef428d73e8c18e74ce5cc
  FirebaseAuth: fd12c82de44e7ad3b821610c387b8251f03aa0f9
  FirebaseAuthUI: 3f6dcb6f9e1af8e889916e2e0f0f971a70c2d303
  FirebaseCore: a6dba751680d7033b9d3831e1cfc95ead0605118
  FirebaseCoreDiagnostics: 7e873baabcfaa9512f538554ae4fa0817aaafbdb
  FirebaseDatabase: 3cb36bbf667be87d72cebc8dbe72e2e8cac1d615
  FirebaseDatabaseUI: 4db2acaaee3c1a73e0daf31e926a8b7212941607
  FirebaseEmailAuthUI: 9d3ef1a6b89049079baaaea254f30c205176ceea
  FirebaseFacebookAuthUI: 4110202288720f9a74be9c1aa2d3308a39589566
  FirebaseFirestore: f4f42828c6d82f6945575611c23dd343e0e7d0aa
  FirebaseFirestoreUI: 24a7a35da1a570e8aabd592f60de9438f6959a4c
  FirebaseGoogleAuthUI: 70d781b69bc933f7b43cd4363e3772376ed53d2a
  FirebaseOAuthUI: 2cac38e94a39f9d930a7ffc30fbad1683b4e0b62
  FirebasePhoneAuthUI: 12bb994905add3399eb0e48f64080d2b916309bb
  FirebaseStorage: ff380720c204593d98c3e5482e62ccfbb522f0c5
  FirebaseStorageUI: d66a62c897de1d0f279ec80c7ece6b8afc9c5913
  FirebaseUI: d2777b3abcb3fa40ea9eea9e40db5a154df608d3
  GoogleDataTransport: 85fd18ff3019bb85d3f2c551d04c481dedf71fc9
  GoogleSignIn: b7779a809e1dfb32ebb43131b10d8bfcd53c1383
  GoogleUtilities: eea970f4a389963963bffe8d8fabe43540678b9c
  "gRPC-C++": 13d8ccef97d5c3c441b7e3c529ef28ebee86fad2
  gRPC-Core: 4afa11bfbedf7cdecd04de535a9e046893404ed5
  GTMAppAuth: ad5c2b70b9a8689e1a04033c9369c4915bfcbe89
  GTMSessionFetcher: 36689134877faeb055b27dfa4ccc9ceaa42e029e
  leveldb-library: 50c7b45cbd7bf543c81a468fe557a16ae3db8729
  nanopb: a0ba3315591a9ae0a16a309ee504766e90db0c96
  PromisesObjC: 68159ce6952d93e17b2dfe273b8c40907db5ba58
  SDWebImage: a7f831e1a65eb5e285e3fb046a23fcfbf08e696d

PODFILE CHECKSUM: 50c55b4b9231c6141172c8e2aba7f1624a881dd7

COCOAPODS: 1.10.1
