PODS:
  - Bolts (1.9.0):
    - Bolts/AppLinks (= 1.9.0)
    - Bolts/Tasks (= 1.9.0)
  - Bolts/AppLinks (1.9.0):
    - Bolts/Tasks
  - Bolts/Tasks (1.9.0)
  - BoringSSL (10.0.6):
    - BoringSSL/Implementation (= 10.0.6)
    - BoringSSL/Interface (= 10.0.6)
  - BoringSSL/Implementation (10.0.6):
    - BoringSSL/Interface (= 10.0.6)
  - BoringSSL/Interface (10.0.6)
  - FBSDKCoreKit (4.36.0):
    - Bolts (~> 1.7)
  - FBSDKLoginKit (4.36.0):
    - FBSDKCoreKit
  - Firebase/Auth (5.8.1):
    - Firebase/CoreOnly
    - FirebaseAuth (= 5.0.4)
  - Firebase/CoreOnly (5.8.1):
    - FirebaseCore (= 5.1.3)
  - Firebase/Database (5.8.1):
    - Firebase/CoreOnly
    - FirebaseDatabase (= 5.0.3)
  - Firebase/Firestore (5.8.1):
    - Firebase/CoreOnly
    - FirebaseFirestore (= 0.13.3)
  - Firebase/Storage (5.8.1):
    - Firebase/CoreOnly
    - FirebaseStorage (= 3.0.2)
  - FirebaseAuth (5.0.4):
    - FirebaseAuthInterop (~> 1.0)
    - FirebaseCore (~> 5.0)
    - GoogleUtilities/Environment (~> 5.2)
    - GTMSessionFetcher/Core (~> 1.1)
  - FirebaseAuthInterop (1.0.0)
  - FirebaseCore (5.1.3):
    - GoogleUtilities/Logger (~> 5.2)
  - FirebaseDatabase (5.0.3):
    - FirebaseCore (~> 5.0)
    - leveldb-library (~> 1.18)
  - FirebaseFirestore (0.13.3):
    - FirebaseAuthInterop (~> 1.0)
    - FirebaseCore (~> 5.0)
    - FirebaseFirestore/abseil-cpp (= 0.13.3)
    - "gRPC-C++ (~> 0.0.3)"
    - gRPC-ProtoRPC (~> 1.0)
    - leveldb-library (~> 1.20)
    - nanopb (~> 0.3.8)
    - Protobuf (~> 3.1)
  - FirebaseFirestore/abseil-cpp (0.13.3):
    - FirebaseAuthInterop (~> 1.0)
    - FirebaseCore (~> 5.0)
    - "gRPC-C++ (~> 0.0.3)"
    - gRPC-ProtoRPC (~> 1.0)
    - leveldb-library (~> 1.20)
    - nanopb (~> 0.3.8)
    - Protobuf (~> 3.1)
  - FirebaseStorage (3.0.2):
    - FirebaseAuthInterop (~> 1.0)
    - FirebaseCore (~> 5.0)
    - GTMSessionFetcher/Core (~> 1.1)
  - FirebaseUI (5.2.1):
    - FirebaseUI/Anonymous (= 5.2.1)
    - FirebaseUI/Auth (= 5.2.1)
    - FirebaseUI/Database (= 5.2.1)
    - FirebaseUI/Facebook (= 5.2.1)
    - FirebaseUI/Firestore (= 5.2.1)
    - FirebaseUI/Google (= 5.2.1)
    - FirebaseUI/Phone (= 5.2.1)
    - FirebaseUI/Storage (= 5.2.1)
    - FirebaseUI/Twitter (= 5.2.1)
  - FirebaseUI/Anonymous (5.2.1):
    - FirebaseUI/Auth
  - FirebaseUI/Auth (5.2.1):
    - Firebase/Auth (~> 5.0)
  - FirebaseUI/Database (5.2.1):
    - Firebase/Database (~> 5.0)
  - FirebaseUI/Facebook (5.2.1):
    - FBSDKLoginKit (~> 4.0)
    - FirebaseUI/Auth
  - FirebaseUI/Firestore (5.2.1):
    - Firebase/Firestore
  - FirebaseUI/Google (5.2.1):
    - FirebaseUI/Auth
    - GoogleSignIn (~> 4.0)
  - FirebaseUI/Phone (5.2.1):
    - FirebaseUI/Auth
  - FirebaseUI/Storage (5.2.1):
    - Firebase/Storage (~> 5.0)
    - SDWebImage (~> 4.0)
  - FirebaseUI/Twitter (5.2.1):
    - FirebaseUI/Auth
    - TwitterKit (~> 3.0)
  - GoogleSignIn (4.2.0):
    - "GoogleToolboxForMac/NSDictionary+URLArguments (~> 2.1)"
    - "GoogleToolboxForMac/NSString+URLArguments (~> 2.1)"
    - GTMOAuth2 (~> 1.0)
    - GTMSessionFetcher/Core (~> 1.1)
  - GoogleToolboxForMac/DebugUtils (2.1.4):
    - GoogleToolboxForMac/Defines (= 2.1.4)
  - GoogleToolboxForMac/Defines (2.1.4)
  - "GoogleToolboxForMac/NSDictionary+URLArguments (2.1.4)":
    - GoogleToolboxForMac/DebugUtils (= 2.1.4)
    - GoogleToolboxForMac/Defines (= 2.1.4)
    - "GoogleToolboxForMac/NSString+URLArguments (= 2.1.4)"
  - "GoogleToolboxForMac/NSString+URLArguments (2.1.4)"
  - GoogleUtilities/Environment (5.3.0)
  - GoogleUtilities/Logger (5.3.0):
    - GoogleUtilities/Environment
  - gRPC (1.14.0):
    - gRPC-RxLibrary (= 1.14.0)
    - gRPC/Main (= 1.14.0)
  - "gRPC-C++ (0.0.3)":
    - "gRPC-C++/Implementation (= 0.0.3)"
    - "gRPC-C++/Interface (= 0.0.3)"
  - "gRPC-C++/Implementation (0.0.3)":
    - "gRPC-C++/Interface (= 0.0.3)"
    - gRPC-Core (= 1.14.0)
    - nanopb (~> 0.3)
  - "gRPC-C++/Interface (0.0.3)"
  - gRPC-Core (1.14.0):
    - gRPC-Core/Implementation (= 1.14.0)
    - gRPC-Core/Interface (= 1.14.0)
  - gRPC-Core/Implementation (1.14.0):
    - BoringSSL (~> 10.0)
    - gRPC-Core/Interface (= 1.14.0)
    - nanopb (~> 0.3)
  - gRPC-Core/Interface (1.14.0)
  - gRPC-ProtoRPC (1.14.0):
    - gRPC-ProtoRPC/Main (= 1.14.0)
  - gRPC-ProtoRPC/Main (1.14.0):
    - gRPC (= 1.14.0)
    - gRPC-RxLibrary (= 1.14.0)
    - Protobuf (~> 3.0)
  - gRPC-RxLibrary (1.14.0)
  - gRPC/Main (1.14.0):
    - gRPC-Core (= 1.14.0)
    - gRPC-RxLibrary (= 1.14.0)
  - GTMOAuth2 (1.1.6):
    - GTMSessionFetcher (~> 1.1)
  - GTMSessionFetcher (1.2.0):
    - GTMSessionFetcher/Full (= 1.2.0)
  - GTMSessionFetcher/Core (1.2.0)
  - GTMSessionFetcher/Full (1.2.0):
    - GTMSessionFetcher/Core (= 1.2.0)
  - leveldb-library (1.20)
  - nanopb (0.3.8):
    - nanopb/decode (= 0.3.8)
    - nanopb/encode (= 0.3.8)
  - nanopb/decode (0.3.8)
  - nanopb/encode (0.3.8)
  - Protobuf (3.6.1)
  - SDWebImage (4.4.2):
    - SDWebImage/Core (= 4.4.2)
  - SDWebImage/Core (4.4.2)
  - TwitterCore (3.2.0)
  - TwitterKit (3.4.0):
    - TwitterCore (>= 3.1.0)

DEPENDENCIES:
  - FirebaseUI (from `../../`)

SPEC REPOS:
  https://github.com/cocoapods/specs.git:
    - Bolts
    - BoringSSL
    - FBSDKCoreKit
    - FBSDKLoginKit
    - Firebase
    - FirebaseAuth
    - FirebaseAuthInterop
    - FirebaseCore
    - FirebaseDatabase
    - FirebaseFirestore
    - FirebaseStorage
    - GoogleSignIn
    - GoogleToolboxForMac
    - GoogleUtilities
    - gRPC
    - "gRPC-C++"
    - gRPC-Core
    - gRPC-ProtoRPC
    - gRPC-RxLibrary
    - GTMOAuth2
    - GTMSessionFetcher
    - leveldb-library
    - nanopb
    - Protobuf
    - SDWebImage
    - TwitterCore
    - TwitterKit

EXTERNAL SOURCES:
  FirebaseUI:
    :path: "../../"

SPEC CHECKSUMS:
  Bolts: ac6567323eac61e203f6a9763667d0f711be34c8
  BoringSSL: e10f92a27043805c01071fe815a5cd98ae8212e7
  FBSDKCoreKit: 3b8e6570eedb443f9fc4af196a7bf39f18e3a3d8
  FBSDKLoginKit: 8bccb6064708ab2f4251a7fc4e3b6d8d00ad91ba
  Firebase: a870ed114d769b424021a0c8ddb0c86c3250a0c5
  FirebaseAuth: 504b198ceb3472dca5c65bb95544ea44cfc9439e
  FirebaseAuthInterop: 0ffa57668be100582bb7643d4fcb7615496c41fc
  FirebaseCore: 27bd80e5bfaaf9552a1f5cacb4c7e8bb925bab22
  FirebaseDatabase: e2bcbc106adc4b11a2da3ec2eb63c0c4a44f2f54
  FirebaseFirestore: c9ec5660228f97ed10782d72b0498449af07256d
  FirebaseStorage: fd82e5e5c474897e19972b34b22ac0f589dce04e
  FirebaseUI: e8302cf8b8d4084fbdfc4c95ef5d6b9de77f0599
  GoogleSignIn: 591e46382014e591269f862ba6e7bc0fbd793532
  GoogleToolboxForMac: 91c824d21e85b31c2aae9bb011c5027c9b4e738f
  GoogleUtilities: 760ccb53b7c7f40f9c02d8c241f76f841a7a6162
  gRPC: 9d4c549f37c7cef22478634bac7a0405b6e3dbfb
  "gRPC-C++": ee0b01db3122f0b6c2be28b5b11039f62fa15fe6
  gRPC-Core: f4836515817c0eb479aeeb9cc27c91c4ba62a9f6
  gRPC-ProtoRPC: 76f6053639a842e1fb45fa82aa598bf3f4d9f66f
  gRPC-RxLibrary: 3c305f32155024b116b780f389323c73a28197e6
  GTMOAuth2: c77fe325e4acd453837e72d91e3b5f13116857b2
  GTMSessionFetcher: 0c4baf0a73acd0041bf9f71ea018deedab5ea84e
  leveldb-library: 08cba283675b7ed2d99629a4bc5fd052cd2bb6a5
  nanopb: 5601e6bca2dbf1ed831b519092ec110f66982ca3
  Protobuf: 1eb9700044745f00181c136ef21b8ff3ad5a0fd5
  SDWebImage: 624d6e296c69b244bcede364c72ae0430ac14681
  TwitterCore: 8cbc9ad34d91c63a0035ea05bfbfc0d7ca72a28c
  TwitterKit: bc7bd086b9b724a1d888745a054e1d0b1ecc4f3f

PODFILE CHECKSUM: 06a6f3dd26f114385242f5d4704f5d6e00103a7c

COCOAPODS: 1.5.3
