PODS:
  - Bolts (1.9.0):
    - Bolts/AppLinks (= 1.9.0)
    - Bolts/Tasks (= 1.9.0)
  - Bolts/AppLinks (1.9.0):
    - Bolts/Tasks
  - Bolts/Tasks (1.9.0)
  - FBSDKCoreKit (4.35.0):
    - Bolts (~> 1.7)
  - FBSDKLoginKit (4.35.0):
    - FBSDKCoreKit
  - Firebase/Auth (5.18.0):
    - Firebase/CoreOnly
    - FirebaseAuth (= 5.4.0)
  - Firebase/CoreOnly (5.18.0):
    - FirebaseCore (= 5.3.1)
  - FirebaseAuth (5.4.0):
    - FirebaseAuthInterop (~> 1.0)
    - FirebaseCore (~> 5.2)
    - GoogleUtilities/Environment (~> 5.2)
    - GTMSessionFetcher/Core (~> 1.1)
  - FirebaseAuthInterop (1.0.0)
  - FirebaseCore (5.3.1):
    - GoogleUtilities/Logger (~> 5.2)
  - FirebaseUI/Auth (6.1.1):
    - Firebase/Auth (~> 5.0)
    - GoogleUtilities/UserDefaults
  - GoogleUtilities/Environment (5.4.0)
  - GoogleUtilities/Logger (5.4.0):
    - GoogleUtilities/Environment
  - GoogleUtilities/UserDefaults (5.4.0):
    - GoogleUtilities/Logger
  - GTMSessionFetcher/Core (1.2.1)
  - OCMock (3.4.3)

DEPENDENCIES:
  - FBSDKCoreKit (= 4.35.0)
  - FBSDKLoginKit (= 4.35.0)
  - FirebaseUI/Auth (from `../`)
  - OCMock

SPEC REPOS:
  https://github.com/cocoapods/specs.git:
    - Bolts
    - FBSDKCoreKit
    - FBSDKLoginKit
    - Firebase
    - FirebaseAuth
    - FirebaseAuthInterop
    - FirebaseCore
    - GoogleUtilities
    - GTMSessionFetcher
    - OCMock

EXTERNAL SOURCES:
  FirebaseUI:
    :path: "../"

SPEC CHECKSUMS:
  Bolts: ac6567323eac61e203f6a9763667d0f711be34c8
  FBSDKCoreKit: 1a5b2e3ceb5ca827a53c54aa5f4a3480efff80d2
  FBSDKLoginKit: 00a3d65d1226852f9d76dcddff01981e5e6d9c38
  Firebase: 02f3281965c075426141a0ce1277e9de6649cab9
  FirebaseAuth: d85d052354447f30b4b2a805ab91b511458b56a6
  FirebaseAuthInterop: 0ffa57668be100582bb7643d4fcb7615496c41fc
  FirebaseCore: 52f851b30e11360f1e67cf04b1edfebf0a47a2d3
  FirebaseUI: fc3584df29e96959d895677274681939fa30dbe5
  GoogleUtilities: fa768ad04b264be250ee9edf9f378ad006f7a560
  GTMSessionFetcher: 32aeca0aa144acea523e1c8e053089dec2cb98ca
  OCMock: 43565190abc78977ad44a61c0d20d7f0784d35ab

PODFILE CHECKSUM: 8fa80c9d7227d1ce58335df5c999a088349bbae0

COCOAPODS: 1.6.1
