PODS:
  - BoringSSL-GRPC (0.0.3):
    - BoringSSL-GRPC/Implementation (= 0.0.3)
    - BoringSSL-GRPC/Interface (= 0.0.3)
  - BoringSSL-GRPC/Implementation (0.0.3):
    - BoringSSL-GRPC/Interface (= 0.0.3)
  - BoringSSL-GRPC/Interface (0.0.3)
  - Firebase/CoreOnly (6.1.0):
    - FirebaseCore (= 6.0.1)
  - Firebase/Firestore (6.1.0):
    - Firebase/CoreOnly
    - FirebaseFirestore (~> 1.3.1)
  - FirebaseAuthInterop (1.0.0)
  - FirebaseCore (6.0.1):
    - GoogleUtilities/Environment (~> 6.0)
    - GoogleUtilities/Logger (~> 6.0)
  - FirebaseFirestore (1.3.1):
    - FirebaseAuthInterop (~> 1.0)
    - FirebaseCore (~> 6.0)
    - FirebaseFirestore/abseil-cpp (= 1.3.1)
    - "gRPC-C++ (= 0.0.8)"
    - leveldb-library (~> 1.20)
    - nanopb (~> 0.3.901)
    - Protobuf (~> 3.1)
  - FirebaseFirestore/abseil-cpp (1.3.1):
    - FirebaseAuthInterop (~> 1.0)
    - FirebaseCore (~> 6.0)
    - "gRPC-C++ (= 0.0.8)"
    - leveldb-library (~> 1.20)
    - nanopb (~> 0.3.901)
    - Protobuf (~> 3.1)
  - GoogleUtilities/Environment (6.2.0)
  - GoogleUtilities/Logger (6.2.0):
    - GoogleUtilities/Environment
  - "gRPC-C++ (0.0.8)":
    - "gRPC-C++/Implementation (= 0.0.8)"
    - "gRPC-C++/Interface (= 0.0.8)"
  - "gRPC-C++/Implementation (0.0.8)":
    - "gRPC-C++/Interface (= 0.0.8)"
    - gRPC-Core (= 1.19.0)
    - nanopb (~> 0.3)
  - "gRPC-C++/Interface (0.0.8)"
  - gRPC-Core (1.19.0):
    - gRPC-Core/Implementation (= 1.19.0)
    - gRPC-Core/Interface (= 1.19.0)
  - gRPC-Core/Implementation (1.19.0):
    - BoringSSL-GRPC (= 0.0.3)
    - gRPC-Core/Interface (= 1.19.0)
    - nanopb (~> 0.3)
  - gRPC-Core/Interface (1.19.0)
  - leveldb-library (1.20)
  - nanopb (0.3.901):
    - nanopb/decode (= 0.3.901)
    - nanopb/encode (= 0.3.901)
  - nanopb/decode (0.3.901)
  - nanopb/encode (0.3.901)
  - Protobuf (3.8.0)

DEPENDENCIES:
  - Firebase/Firestore

SPEC REPOS:
  https://github.com/cocoapods/specs.git:
    - BoringSSL-GRPC
    - Firebase
    - FirebaseAuthInterop
    - FirebaseCore
    - FirebaseFirestore
    - GoogleUtilities
    - "gRPC-C++"
    - gRPC-Core
    - leveldb-library
    - nanopb
    - Protobuf

SPEC CHECKSUMS:
  BoringSSL-GRPC: db8764df3204ccea016e1c8dd15d9a9ad63ff318
  Firebase: 8d77bb33624ae9b62d745d82ec023de5f70f7e4f
  FirebaseAuthInterop: 0ffa57668be100582bb7643d4fcb7615496c41fc
  FirebaseCore: 66bdef3b310a026880e2a5bc8aa586ab62ce4543
  FirebaseFirestore: 8feac73d330bf7ed6945518e5ffc0aeb164a07f6
  GoogleUtilities: 996e0db07153674fd1b54b220fda3a3dc3547cba
  "gRPC-C++": 98be881723177d8c4faf5fdffacb582c7b4971a2
  gRPC-Core: bd9472c8daa2e414b9f8038ba667bf56ce0e02b8
  leveldb-library: 08cba283675b7ed2d99629a4bc5fd052cd2bb6a5
  nanopb: 2901f78ea1b7b4015c860c2fdd1ea2fee1a18d48
  Protobuf: 3f617b9a6e73605565086864c9bc26b2bf2dd5a3

PODFILE CHECKSUM: 3fd572e9b2b7003d527db1933d11971a4c10c23f

COCOAPODS: 1.7.1
