PODS:
  - BoringSSL-GRPC (0.0.3):
    - BoringSSL-GRPC/Implementation (= 0.0.3)
    - BoringSSL-GRPC/Interface (= 0.0.3)
  - BoringSSL-GRPC/Implementation (0.0.3):
    - BoringSSL-GRPC/Interface (= 0.0.3)
  - BoringSSL-GRPC/Interface (0.0.3)
  - Firebase/CoreOnly (6.4.0):
    - FirebaseCore (= 6.0.4)
  - Firebase/Firestore (6.4.0):
    - Firebase/CoreOnly
    - FirebaseFirestore (~> 1.4.1)
  - FirebaseAuthInterop (1.0.0)
  - FirebaseCore (6.0.4):
    - GoogleUtilities/Environment (~> 6.0)
    - GoogleUtilities/Logger (~> 6.0)
  - FirebaseFirestore (1.4.1):
    - FirebaseAuthInterop (~> 1.0)
    - FirebaseCore (~> 6.0)
    - FirebaseFirestore/abseil-cpp (= 1.4.1)
    - "gRPC-C++ (= 0.0.9)"
    - leveldb-library (~> 1.20)
    - nanopb (~> 0.3.901)
    - Protobuf (~> 3.1)
  - FirebaseFirestore/abseil-cpp (1.4.1):
    - FirebaseAuthInterop (~> 1.0)
    - FirebaseCore (~> 6.0)
    - "gRPC-C++ (= 0.0.9)"
    - leveldb-library (~> 1.20)
    - nanopb (~> 0.3.901)
    - Protobuf (~> 3.1)
  - GoogleUtilities/Environment (6.2.3)
  - GoogleUtilities/Logger (6.2.3):
    - GoogleUtilities/Environment
  - "gRPC-C++ (0.0.9)":
    - "gRPC-C++/Implementation (= 0.0.9)"
    - "gRPC-C++/Interface (= 0.0.9)"
  - "gRPC-C++/Implementation (0.0.9)":
    - "gRPC-C++/Interface (= 0.0.9)"
    - gRPC-Core (= 1.21.0)
    - nanopb (~> 0.3)
  - "gRPC-C++/Interface (0.0.9)"
  - gRPC-Core (1.21.0):
    - gRPC-Core/Implementation (= 1.21.0)
    - gRPC-Core/Interface (= 1.21.0)
  - gRPC-Core/Implementation (1.21.0):
    - BoringSSL-GRPC (= 0.0.3)
    - gRPC-Core/Interface (= 1.21.0)
    - nanopb (~> 0.3)
  - gRPC-Core/Interface (1.21.0)
  - leveldb-library (1.20)
  - nanopb (0.3.901):
    - nanopb/decode (= 0.3.901)
    - nanopb/encode (= 0.3.901)
  - nanopb/decode (0.3.901)
  - nanopb/encode (0.3.901)
  - Protobuf (3.8.0)

DEPENDENCIES:
  - Firebase/Firestore

SPEC REPOS:
  https://github.com/cocoapods/specs.git:
    - BoringSSL-GRPC
    - Firebase
    - FirebaseAuthInterop
    - FirebaseCore
    - FirebaseFirestore
    - GoogleUtilities
    - "gRPC-C++"
    - gRPC-Core
    - leveldb-library
    - nanopb
    - Protobuf

SPEC CHECKSUMS:
  BoringSSL-GRPC: db8764df3204ccea016e1c8dd15d9a9ad63ff318
  Firebase: 9445469655a98e9010737f4bc4720e5bda465873
  FirebaseAuthInterop: 0ffa57668be100582bb7643d4fcb7615496c41fc
  FirebaseCore: 7ea99e200f0024262650be56623fbe6a7bef1707
  FirebaseFirestore: f9d8dbe06cb1e50b5025d0d9ece41e173d0c7e00
  GoogleUtilities: d2b0e277a95962e09bb27f5cd42f5f0b6a506c7d
  "gRPC-C++": 9dfe7b44821e7b3e44aacad2af29d2c21f7cde83
  gRPC-Core: c9aef9a261a1247e881b18059b84d597293c9947
  leveldb-library: 08cba283675b7ed2d99629a4bc5fd052cd2bb6a5
  nanopb: 2901f78ea1b7b4015c860c2fdd1ea2fee1a18d48
  Protobuf: 3f617b9a6e73605565086864c9bc26b2bf2dd5a3

PODFILE CHECKSUM: 3fd572e9b2b7003d527db1933d11971a4c10c23f

COCOAPODS: 1.7.4
