PODS:
  - FirebaseAuth (8.4.0):
    - FirebaseCore (~> 8.0)
    - GoogleUtilities/AppDelegateSwizzler (~> 7.4)
    - GoogleUtilities/Environment (~> 7.4)
    - GTMSessionFetcher/Core (~> 1.5)
  - FirebaseAuthUI (12.0.0):
    - FirebaseAuth (~> 8.0)
    - FirebaseCore
  - FirebaseCore (8.4.0):
    - FirebaseCoreDiagnostics (~> 8.0)
    - GoogleUtilities/Environment (~> 7.4)
    - GoogleUtilities/Logger (~> 7.4)
  - FirebaseCoreDiagnostics (8.4.0):
    - GoogleDataTransport (~> 9.0)
    - GoogleUtilities/Environment (~> 7.4)
    - GoogleUtilities/Logger (~> 7.4)
    - nanopb (~> 2.30908.0)
  - GoogleDataTransport (9.1.0):
    - GoogleUtilities/Environment (~> 7.2)
    - nanopb (~> 2.30908.0)
    - PromisesObjC (< 3.0, >= 1.2)
  - GoogleUtilities/AppDelegateSwizzler (7.5.0):
    - GoogleUtilities/Environment
    - GoogleUtilities/Logger
    - GoogleUtilities/Network
  - GoogleUtilities/Environment (7.5.0):
    - PromisesObjC (< 3.0, >= 1.2)
  - GoogleUtilities/Logger (7.5.0):
    - GoogleUtilities/Environment
  - GoogleUtilities/Network (7.5.0):
    - GoogleUtilities/Logger
    - "GoogleUtilities/NSData+zlib"
    - GoogleUtilities/Reachability
  - "GoogleUtilities/NSData+zlib (7.5.0)"
  - GoogleUtilities/Reachability (7.5.0):
    - GoogleUtilities/Logger
  - GTMSessionFetcher/Core (1.6.1)
  - nanopb (2.30908.0):
    - nanopb/decode (= 2.30908.0)
    - nanopb/encode (= 2.30908.0)
  - nanopb/decode (2.30908.0)
  - nanopb/encode (2.30908.0)
  - OCMock (3.8.1)
  - PromisesObjC (2.0.0)

DEPENDENCIES:
  - FirebaseAuthUI (from `../`)
  - OCMock

SPEC REPOS:
  https://github.com/CocoaPods/Specs.git:
    - FirebaseAuth
    - FirebaseCore
    - FirebaseCoreDiagnostics
    - GoogleDataTransport
    - GoogleUtilities
    - GTMSessionFetcher
    - nanopb
    - OCMock
    - PromisesObjC

EXTERNAL SOURCES:
  FirebaseAuthUI:
    :path: "../"

SPEC CHECKSUMS:
  FirebaseAuth: 8ef169751d795f20921d425f7b0131cc1c70935c
  FirebaseAuthUI: d4c70cf0d36744f519739da8776dae87340ded9f
  FirebaseCore: 31f389c37ac1ea52454a53d3081f2d7019485a4a
  FirebaseCoreDiagnostics: cad03be1904b975f845e632f2720c3337da27faf
  GoogleDataTransport: 85fd18ff3019bb85d3f2c551d04c481dedf71fc9
  GoogleUtilities: eea970f4a389963963bffe8d8fabe43540678b9c
  GTMSessionFetcher: 36689134877faeb055b27dfa4ccc9ceaa42e029e
  nanopb: a0ba3315591a9ae0a16a309ee504766e90db0c96
  OCMock: 29f6e52085b4e7d9b075cbf03ed7c3112f82f934
  PromisesObjC: 68159ce6952d93e17b2dfe273b8c40907db5ba58

PODFILE CHECKSUM: 846bda6213a0453d4a084a65883de34cc5f4d0e0

COCOAPODS: 1.10.1
