// !$*UTF8*$!
{
	archiveVersion = 1;
	classes = {
	};
	objectVersion = 51;
	objects = {

/* Begin PBXBuildFile section */
		8D69E22721DD476D00CFA49B /* FirebaseAnonymousAuthUI.framework in Frameworks */ = {isa = PBXBuildFile; fileRef = 8D69E21D21DD476C00CFA49B /* FirebaseAnonymousAuthUI.framework */; };
		8D69E22C21DD476D00CFA49B /* FirebaseAnonymousAuthUITests.m in Sources */ = {isa = PBXBuildFile; fileRef = 8D69E22B21DD476D00CFA49B /* FirebaseAnonymousAuthUITests.m */; };
		8D69E22E21DD476D00CFA49B /* FirebaseAnonymousAuthUI.h in Headers */ = {isa = PBXBuildFile; fileRef = 8D69E22021DD476D00CFA49B /* FirebaseAnonymousAuthUI.h */; settings = {ATTRIBUTES = (Public, ); }; };
		8D69E23921DD47B400CFA49B /* FUIAnonymousAuth.m in Sources */ = {isa = PBXBuildFile; fileRef = 8D69E23721DD47B400CFA49B /* FUIAnonymousAuth.m */; };
		8D69E23A21DD47B400CFA49B /* FUIAnonymousAuth.h in Headers */ = {isa = PBXBuildFile; fileRef = 8D69E23821DD47B400CFA49B /* FUIAnonymousAuth.h */; settings = {ATTRIBUTES = (Public, ); }; };
		8D69E35321DD5C4700CFA49B /* ic_anonymous.png in Resources */ = {isa = PBXBuildFile; fileRef = 8D69E34D21DD5C4700CFA49B /* ic_anonymous.png */; };
		8D69E35421DD5C4700CFA49B /* ic_anonymous@3x.png in Resources */ = {isa = PBXBuildFile; fileRef = 8D69E34E21DD5C4700CFA49B /* ic_anonymous@3x.png */; };
		8D69E35521DD5C4700CFA49B /* ic_anonymous@2x.png in Resources */ = {isa = PBXBuildFile; fileRef = 8D69E34F21DD5C4700CFA49B /* ic_anonymous@2x.png */; };
		8D69E35621DD5C4700CFA49B /* FirebaseAnonymousAuthUI.strings in Resources */ = {isa = PBXBuildFile; fileRef = 8D69E35121DD5C4700CFA49B /* FirebaseAnonymousAuthUI.strings */; };
/* End PBXBuildFile section */

/* Begin PBXContainerItemProxy section */
		8D69E22821DD476D00CFA49B /* PBXContainerItemProxy */ = {
			isa = PBXContainerItemProxy;
			containerPortal = 8D69E21421DD476C00CFA49B /* Project object */;
			proxyType = 1;
			remoteGlobalIDString = 8D69E21C21DD476C00CFA49B;
			remoteInfo = FirebaseAnonymousAuthUI;
		};
/* End PBXContainerItemProxy section */

/* Begin PBXFileReference section */
		8D69E21D21DD476C00CFA49B /* FirebaseAnonymousAuthUI.framework */ = {isa = PBXFileReference; explicitFileType = wrapper.framework; includeInIndex = 0; path = FirebaseAnonymousAuthUI.framework; sourceTree = BUILT_PRODUCTS_DIR; };
		8D69E22021DD476D00CFA49B /* FirebaseAnonymousAuthUI.h */ = {isa = PBXFileReference; lastKnownFileType = sourcecode.c.h; path = FirebaseAnonymousAuthUI.h; sourceTree = "<group>"; };
		8D69E22121DD476D00CFA49B /* Info.plist */ = {isa = PBXFileReference; lastKnownFileType = text.plist.xml; path = Info.plist; sourceTree = "<group>"; };
		8D69E22621DD476D00CFA49B /* FirebaseAnonymousAuthUITests.xctest */ = {isa = PBXFileReference; explicitFileType = wrapper.cfbundle; includeInIndex = 0; path = FirebaseAnonymousAuthUITests.xctest; sourceTree = BUILT_PRODUCTS_DIR; };
		8D69E22B21DD476D00CFA49B /* FirebaseAnonymousAuthUITests.m */ = {isa = PBXFileReference; lastKnownFileType = sourcecode.c.objc; path = FirebaseAnonymousAuthUITests.m; sourceTree = "<group>"; };
		8D69E22D21DD476D00CFA49B /* Info.plist */ = {isa = PBXFileReference; lastKnownFileType = text.plist.xml; path = Info.plist; sourceTree = "<group>"; };
		8D69E23721DD47B400CFA49B /* FUIAnonymousAuth.m */ = {isa = PBXFileReference; fileEncoding = 4; lastKnownFileType = sourcecode.c.objc; path = FUIAnonymousAuth.m; sourceTree = "<group>"; };
		8D69E23821DD47B400CFA49B /* FUIAnonymousAuth.h */ = {isa = PBXFileReference; fileEncoding = 4; lastKnownFileType = sourcecode.c.h; path = FUIAnonymousAuth.h; sourceTree = "<group>"; };
		8D69E34D21DD5C4700CFA49B /* ic_anonymous.png */ = {isa = PBXFileReference; lastKnownFileType = image.png; path = ic_anonymous.png; sourceTree = "<group>"; };
		8D69E34E21DD5C4700CFA49B /* ic_anonymous@3x.png */ = {isa = PBXFileReference; lastKnownFileType = image.png; path = "ic_anonymous@3x.png"; sourceTree = "<group>"; };
		8D69E34F21DD5C4700CFA49B /* ic_anonymous@2x.png */ = {isa = PBXFileReference; lastKnownFileType = image.png; path = "ic_anonymous@2x.png"; sourceTree = "<group>"; };
		8D69E35221DD5C4700CFA49B /* en */ = {isa = PBXFileReference; lastKnownFileType = text.plist.strings; name = en; path = en.lproj/FirebaseAnonymousAuthUI.strings; sourceTree = "<group>"; };
/* End PBXFileReference section */

/* Begin PBXFrameworksBuildPhase section */
		8D69E21A21DD476C00CFA49B /* Frameworks */ = {
			isa = PBXFrameworksBuildPhase;
			buildActionMask = 2147483647;
			files = (
			);
			runOnlyForDeploymentPostprocessing = 0;
		};
		8D69E22321DD476D00CFA49B /* Frameworks */ = {
			isa = PBXFrameworksBuildPhase;
			buildActionMask = 2147483647;
			files = (
				8D69E22721DD476D00CFA49B /* FirebaseAnonymousAuthUI.framework in Frameworks */,
			);
			runOnlyForDeploymentPostprocessing = 0;
		};
/* End PBXFrameworksBuildPhase section */

/* Begin PBXGroup section */
		8D69E21321DD476C00CFA49B = {
			isa = PBXGroup;
			children = (
				8D69E21F21DD476C00CFA49B /* FirebaseAnonymousAuthUI */,
				8D69E22A21DD476D00CFA49B /* FirebaseAnonymousAuthUITests */,
				8D69E21E21DD476C00CFA49B /* Products */,
				BEF4805F13BABCBDD925C264 /* Pods */,
			);
			sourceTree = "<group>";
		};
		8D69E21E21DD476C00CFA49B /* Products */ = {
			isa = PBXGroup;
			children = (
				8D69E21D21DD476C00CFA49B /* FirebaseAnonymousAuthUI.framework */,
				8D69E22621DD476D00CFA49B /* FirebaseAnonymousAuthUITests.xctest */,
			);
			name = Products;
			sourceTree = "<group>";
		};
		8D69E21F21DD476C00CFA49B /* FirebaseAnonymousAuthUI */ = {
			isa = PBXGroup;
			children = (
				8D69E22021DD476D00CFA49B /* FirebaseAnonymousAuthUI.h */,
				8D69E23821DD47B400CFA49B /* FUIAnonymousAuth.h */,
				8D69E23721DD47B400CFA49B /* FUIAnonymousAuth.m */,
				8D69E22121DD476D00CFA49B /* Info.plist */,
				8D69E34C21DD5C4700CFA49B /* Resources */,
				8D69E35021DD5C4700CFA49B /* Strings */,
			);
			path = FirebaseAnonymousAuthUI;
			sourceTree = "<group>";
		};
		8D69E22A21DD476D00CFA49B /* FirebaseAnonymousAuthUITests */ = {
			isa = PBXGroup;
			children = (
				8D69E22B21DD476D00CFA49B /* FirebaseAnonymousAuthUITests.m */,
				8D69E22D21DD476D00CFA49B /* Info.plist */,
			);
			path = FirebaseAnonymousAuthUITests;
			sourceTree = "<group>";
		};
		8D69E34C21DD5C4700CFA49B /* Resources */ = {
			isa = PBXGroup;
			children = (
				8D69E34D21DD5C4700CFA49B /* ic_anonymous.png */,
				8D69E34E21DD5C4700CFA49B /* ic_anonymous@3x.png */,
				8D69E34F21DD5C4700CFA49B /* ic_anonymous@2x.png */,
			);
			path = Resources;
			sourceTree = "<group>";
		};
		8D69E35021DD5C4700CFA49B /* Strings */ = {
			isa = PBXGroup;
			children = (
				8D69E35121DD5C4700CFA49B /* FirebaseAnonymousAuthUI.strings */,
			);
			path = Strings;
			sourceTree = "<group>";
		};
		BEF4805F13BABCBDD925C264 /* Pods */ = {
			isa = PBXGroup;
			children = (
			);
			path = Pods;
			sourceTree = "<group>";
		};
/* End PBXGroup section */

/* Begin PBXHeadersBuildPhase section */
		8D69E21821DD476C00CFA49B /* Headers */ = {
			isa = PBXHeadersBuildPhase;
			buildActionMask = 2147483647;
			files = (
				8D69E22E21DD476D00CFA49B /* FirebaseAnonymousAuthUI.h in Headers */,
				8D69E23A21DD47B400CFA49B /* FUIAnonymousAuth.h in Headers */,
			);
			runOnlyForDeploymentPostprocessing = 0;
		};
/* End PBXHeadersBuildPhase section */

/* Begin PBXNativeTarget section */
		8D69E21C21DD476C00CFA49B /* FirebaseAnonymousAuthUI */ = {
			isa = PBXNativeTarget;
			buildConfigurationList = 8D69E23121DD476D00CFA49B /* Build configuration list for PBXNativeTarget "FirebaseAnonymousAuthUI" */;
			buildPhases = (
				8D69E21821DD476C00CFA49B /* Headers */,
				8D69E21921DD476C00CFA49B /* Sources */,
				8D69E21A21DD476C00CFA49B /* Frameworks */,
				8D69E21B21DD476C00CFA49B /* Resources */,
			);
			buildRules = (
			);
			dependencies = (
			);
			name = FirebaseAnonymousAuthUI;
			productName = FirebaseAnonymousAuthUI;
			productReference = 8D69E21D21DD476C00CFA49B /* FirebaseAnonymousAuthUI.framework */;
			productType = "com.apple.product-type.framework";
		};
		8D69E22521DD476D00CFA49B /* FirebaseAnonymousAuthUITests */ = {
			isa = PBXNativeTarget;
			buildConfigurationList = 8D69E23421DD476D00CFA49B /* Build configuration list for PBXNativeTarget "FirebaseAnonymousAuthUITests" */;
			buildPhases = (
				8D69E22221DD476D00CFA49B /* Sources */,
				8D69E22321DD476D00CFA49B /* Frameworks */,
				8D69E22421DD476D00CFA49B /* Resources */,
			);
			buildRules = (
			);
			dependencies = (
				8D69E22921DD476D00CFA49B /* PBXTargetDependency */,
			);
			name = FirebaseAnonymousAuthUITests;
			productName = FirebaseAnonymousAuthUITests;
			productReference = 8D69E22621DD476D00CFA49B /* FirebaseAnonymousAuthUITests.xctest */;
			productType = "com.apple.product-type.bundle.unit-test";
		};
/* End PBXNativeTarget section */

/* Begin PBXProject section */
		8D69E21421DD476C00CFA49B /* Project object */ = {
			isa = PBXProject;
			attributes = {
				LastUpgradeCheck = 1010;
				ORGANIZATIONNAME = Firebase;
				TargetAttributes = {
					8D69E21C21DD476C00CFA49B = {
						CreatedOnToolsVersion = 10.1;
					};
					8D69E22521DD476D00CFA49B = {
						CreatedOnToolsVersion = 10.1;
					};
				};
			};
			buildConfigurationList = 8D69E21721DD476C00CFA49B /* Build configuration list for PBXProject "FirebaseAnonymousAuthUI" */;
			compatibilityVersion = "Xcode 9.3";
			developmentRegion = en;
			hasScannedForEncodings = 0;
			knownRegions = (
				en,
			);
			mainGroup = 8D69E21321DD476C00CFA49B;
			productRefGroup = 8D69E21E21DD476C00CFA49B /* Products */;
			projectDirPath = "";
			projectRoot = "";
			targets = (
				8D69E21C21DD476C00CFA49B /* FirebaseAnonymousAuthUI */,
				8D69E22521DD476D00CFA49B /* FirebaseAnonymousAuthUITests */,
			);
		};
/* End PBXProject section */

/* Begin PBXResourcesBuildPhase section */
		8D69E21B21DD476C00CFA49B /* Resources */ = {
			isa = PBXResourcesBuildPhase;
			buildActionMask = 2147483647;
			files = (
				8D69E35321DD5C4700CFA49B /* ic_anonymous.png in Resources */,
				8D69E35621DD5C4700CFA49B /* FirebaseAnonymousAuthUI.strings in Resources */,
				8D69E35521DD5C4700CFA49B /* ic_anonymous@2x.png in Resources */,
				8D69E35421DD5C4700CFA49B /* ic_anonymous@3x.png in Resources */,
			);
			runOnlyForDeploymentPostprocessing = 0;
		};
		8D69E22421DD476D00CFA49B /* Resources */ = {
			isa = PBXResourcesBuildPhase;
			buildActionMask = 2147483647;
			files = (
			);
			runOnlyForDeploymentPostprocessing = 0;
		};
/* End PBXResourcesBuildPhase section */

/* Begin PBXSourcesBuildPhase section */
		8D69E21921DD476C00CFA49B /* Sources */ = {
			isa = PBXSourcesBuildPhase;
			buildActionMask = 2147483647;
			files = (
				8D69E23921DD47B400CFA49B /* FUIAnonymousAuth.m in Sources */,
			);
			runOnlyForDeploymentPostprocessing = 0;
		};
		8D69E22221DD476D00CFA49B /* Sources */ = {
			isa = PBXSourcesBuildPhase;
			buildActionMask = 2147483647;
			files = (
				8D69E22C21DD476D00CFA49B /* FirebaseAnonymousAuthUITests.m in Sources */,
			);
			runOnlyForDeploymentPostprocessing = 0;
		};
/* End PBXSourcesBuildPhase section */

/* Begin PBXTargetDependency section */
		8D69E22921DD476D00CFA49B /* PBXTargetDependency */ = {
			isa = PBXTargetDependency;
			target = 8D69E21C21DD476C00CFA49B /* FirebaseAnonymousAuthUI */;
			targetProxy = 8D69E22821DD476D00CFA49B /* PBXContainerItemProxy */;
		};
/* End PBXTargetDependency section */

/* Begin PBXVariantGroup section */
		8D69E35121DD5C4700CFA49B /* FirebaseAnonymousAuthUI.strings */ = {
			isa = PBXVariantGroup;
			children = (
				8D69E35221DD5C4700CFA49B /* en */,
			);
			name = FirebaseAnonymousAuthUI.strings;
			sourceTree = "<group>";
		};
/* End PBXVariantGroup section */

/* Begin XCBuildConfiguration section */
		8D69E22F21DD476D00CFA49B /* Debug */ = {
			isa = XCBuildConfiguration;
			buildSettings = {
				ALWAYS_SEARCH_USER_PATHS = NO;
				CLANG_ANALYZER_NONNULL = YES;
				CLANG_ANALYZER_NUMBER_OBJECT_CONVERSION = YES_AGGRESSIVE;
				CLANG_CXX_LANGUAGE_STANDARD = "gnu++14";
				CLANG_CXX_LIBRARY = "libc++";
				CLANG_ENABLE_MODULES = YES;
				CLANG_ENABLE_OBJC_ARC = YES;
				CLANG_ENABLE_OBJC_WEAK = YES;
				CLANG_WARN_BLOCK_CAPTURE_AUTORELEASING = YES;
				CLANG_WARN_BOOL_CONVERSION = YES;
				CLANG_WARN_COMMA = YES;
				CLANG_WARN_CONSTANT_CONVERSION = YES;
				CLANG_WARN_DEPRECATED_OBJC_IMPLEMENTATIONS = YES;
				CLANG_WARN_DIRECT_OBJC_ISA_USAGE = YES_ERROR;
				CLANG_WARN_DOCUMENTATION_COMMENTS = YES;
				CLANG_WARN_EMPTY_BODY = YES;
				CLANG_WARN_ENUM_CONVERSION = YES;
				CLANG_WARN_INFINITE_RECURSION = YES;
				CLANG_WARN_INT_CONVERSION = YES;
				CLANG_WARN_NON_LITERAL_NULL_CONVERSION = YES;
				CLANG_WARN_OBJC_IMPLICIT_RETAIN_SELF = YES;
				CLANG_WARN_OBJC_LITERAL_CONVERSION = YES;
				CLANG_WARN_OBJC_ROOT_CLASS = YES_ERROR;
				CLANG_WARN_RANGE_LOOP_ANALYSIS = YES;
				CLANG_WARN_STRICT_PROTOTYPES = YES;
				CLANG_WARN_SUSPICIOUS_MOVE = YES;
				CLANG_WARN_UNGUARDED_AVAILABILITY = YES_AGGRESSIVE;
				CLANG_WARN_UNREACHABLE_CODE = YES;
				CLANG_WARN__DUPLICATE_METHOD_MATCH = YES;
				CODE_SIGN_IDENTITY = "iPhone Developer";
				COPY_PHASE_STRIP = NO;
				CURRENT_PROJECT_VERSION = 1;
				DEBUG_INFORMATION_FORMAT = dwarf;
				ENABLE_STRICT_OBJC_MSGSEND = YES;
				ENABLE_TESTABILITY = YES;
				GCC_C_LANGUAGE_STANDARD = gnu11;
				GCC_DYNAMIC_NO_PIC = NO;
				GCC_NO_COMMON_BLOCKS = YES;
				GCC_OPTIMIZATION_LEVEL = 0;
				GCC_PREPROCESSOR_DEFINITIONS = (
					"DEBUG=1",
					"$(inherited)",
				);
				GCC_WARN_64_TO_32_BIT_CONVERSION = YES;
				GCC_WARN_ABOUT_RETURN_TYPE = YES_ERROR;
				GCC_WARN_UNDECLARED_SELECTOR = YES;
				GCC_WARN_UNINITIALIZED_AUTOS = YES_AGGRESSIVE;
				GCC_WARN_UNUSED_FUNCTION = YES;
				GCC_WARN_UNUSED_VARIABLE = YES;
				IPHONEOS_DEPLOYMENT_TARGET = 12.1;
				MTL_ENABLE_DEBUG_INFO = INCLUDE_SOURCE;
				MTL_FAST_MATH = YES;
				ONLY_ACTIVE_ARCH = YES;
				SDKROOT = iphoneos;
				VERSIONING_SYSTEM = "apple-generic";
				VERSION_INFO_PREFIX = "";
			};
			name = Debug;
		};
		8D69E23021DD476D00CFA49B /* Release */ = {
			isa = XCBuildConfiguration;
			buildSettings = {
				ALWAYS_SEARCH_USER_PATHS = NO;
				CLANG_ANALYZER_NONNULL = YES;
				CLANG_ANALYZER_NUMBER_OBJECT_CONVERSION = YES_AGGRESSIVE;
				CLANG_CXX_LANGUAGE_STANDARD = "gnu++14";
				CLANG_CXX_LIBRARY = "libc++";
				CLANG_ENABLE_MODULES = YES;
				CLANG_ENABLE_OBJC_ARC = YES;
				CLANG_ENABLE_OBJC_WEAK = YES;
				CLANG_WARN_BLOCK_CAPTURE_AUTORELEASING = YES;
				CLANG_WARN_BOOL_CONVERSION = YES;
				CLANG_WARN_COMMA = YES;
				CLANG_WARN_CONSTANT_CONVERSION = YES;
				CLANG_WARN_DEPRECATED_OBJC_IMPLEMENTATIONS = YES;
				CLANG_WARN_DIRECT_OBJC_ISA_USAGE = YES_ERROR;
				CLANG_WARN_DOCUMENTATION_COMMENTS = YES;
				CLANG_WARN_EMPTY_BODY = YES;
				CLANG_WARN_ENUM_CONVERSION = YES;
				CLANG_WARN_INFINITE_RECURSION = YES;
				CLANG_WARN_INT_CONVERSION = YES;
				CLANG_WARN_NON_LITERAL_NULL_CONVERSION = YES;
				CLANG_WARN_OBJC_IMPLICIT_RETAIN_SELF = YES;
				CLANG_WARN_OBJC_LITERAL_CONVERSION = YES;
				CLANG_WARN_OBJC_ROOT_CLASS = YES_ERROR;
				CLANG_WARN_RANGE_LOOP_ANALYSIS = YES;
				CLANG_WARN_STRICT_PROTOTYPES = YES;
				CLANG_WARN_SUSPICIOUS_MOVE = YES;
				CLANG_WARN_UNGUARDED_AVAILABILITY = YES_AGGRESSIVE;
				CLANG_WARN_UNREACHABLE_CODE = YES;
				CLANG_WARN__DUPLICATE_METHOD_MATCH = YES;
				CODE_SIGN_IDENTITY = "iPhone Developer";
				COPY_PHASE_STRIP = NO;
				CURRENT_PROJECT_VERSION = 1;
				DEBUG_INFORMATION_FORMAT = "dwarf-with-dsym";
				ENABLE_NS_ASSERTIONS = NO;
				ENABLE_STRICT_OBJC_MSGSEND = YES;
				GCC_C_LANGUAGE_STANDARD = gnu11;
				GCC_NO_COMMON_BLOCKS = YES;
				GCC_WARN_64_TO_32_BIT_CONVERSION = YES;
				GCC_WARN_ABOUT_RETURN_TYPE = YES_ERROR;
				GCC_WARN_UNDECLARED_SELECTOR = YES;
				GCC_WARN_UNINITIALIZED_AUTOS = YES_AGGRESSIVE;
				GCC_WARN_UNUSED_FUNCTION = YES;
				GCC_WARN_UNUSED_VARIABLE = YES;
				IPHONEOS_DEPLOYMENT_TARGET = 12.1;
				MTL_ENABLE_DEBUG_INFO = NO;
				MTL_FAST_MATH = YES;
				SDKROOT = iphoneos;
				VALIDATE_PRODUCT = YES;
				VERSIONING_SYSTEM = "apple-generic";
				VERSION_INFO_PREFIX = "";
			};
			name = Release;
		};
		8D69E23221DD476D00CFA49B /* Debug */ = {
			isa = XCBuildConfiguration;
			buildSettings = {
				CODE_SIGN_IDENTITY = "";
				CODE_SIGN_STYLE = Automatic;
				DEFINES_MODULE = YES;
				DYLIB_COMPATIBILITY_VERSION = 1;
				DYLIB_CURRENT_VERSION = 1;
				DYLIB_INSTALL_NAME_BASE = "@rpath";
				INFOPLIST_FILE = FirebaseAnonymousAuthUI/Info.plist;
				INSTALL_PATH = "$(LOCAL_LIBRARY_DIR)/Frameworks";
				LD_RUNPATH_SEARCH_PATHS = (
					"$(inherited)",
					"@executable_path/Frameworks",
					"@loader_path/Frameworks",
				);
				PRODUCT_BUNDLE_IDENTIFIER = com.firebase.FirebaseAnonymousAuthUI;
				PRODUCT_NAME = "$(TARGET_NAME:c99extidentifier)";
				SKIP_INSTALL = YES;
				TARGETED_DEVICE_FAMILY = "1,2";
			};
			name = Debug;
		};
		8D69E23321DD476D00CFA49B /* Release */ = {
			isa = XCBuildConfiguration;
			buildSettings = {
				CODE_SIGN_IDENTITY = "";
				CODE_SIGN_STYLE = Automatic;
				DEFINES_MODULE = YES;
				DYLIB_COMPATIBILITY_VERSION = 1;
				DYLIB_CURRENT_VERSION = 1;
				DYLIB_INSTALL_NAME_BASE = "@rpath";
				INFOPLIST_FILE = FirebaseAnonymousAuthUI/Info.plist;
				INSTALL_PATH = "$(LOCAL_LIBRARY_DIR)/Frameworks";
				LD_RUNPATH_SEARCH_PATHS = (
					"$(inherited)",
					"@executable_path/Frameworks",
					"@loader_path/Frameworks",
				);
				PRODUCT_BUNDLE_IDENTIFIER = com.firebase.FirebaseAnonymousAuthUI;
				PRODUCT_NAME = "$(TARGET_NAME:c99extidentifier)";
				SKIP_INSTALL = YES;
				TARGETED_DEVICE_FAMILY = "1,2";
			};
			name = Release;
		};
		8D69E23521DD476D00CFA49B /* Debug */ = {
			isa = XCBuildConfiguration;
			buildSettings = {
				CODE_SIGN_STYLE = Automatic;
				INFOPLIST_FILE = FirebaseAnonymousAuthUITests/Info.plist;
				LD_RUNPATH_SEARCH_PATHS = (
					"$(inherited)",
					"@executable_path/Frameworks",
					"@loader_path/Frameworks",
					"\"${PODS_CONFIGURATION_BUILD_DIR}/FirebaseAuth\"",
					"\"${PODS_CONFIGURATION_BUILD_DIR}/FirebaseCore\"",
					"\"${PODS_CONFIGURATION_BUILD_DIR}/FirebaseCoreDiagnostics\"",
					"\"${PODS_CONFIGURATION_BUILD_DIR}/FirebaseUI\"",
					"\"${PODS_CONFIGURATION_BUILD_DIR}/GTMSessionFetcher\"",
					"\"${PODS_CONFIGURATION_BUILD_DIR}/GoogleDataTransport\"",
					"\"${PODS_CONFIGURATION_BUILD_DIR}/GoogleUtilities\"",
					"\"${PODS_CONFIGURATION_BUILD_DIR}/OCMock\"",
					"\"${PODS_CONFIGURATION_BUILD_DIR}/PromisesObjC\"",
					"\"${PODS_CONFIGURATION_BUILD_DIR}/nanopb\"",
				);
				OTHER_LDFLAGS = (
					"$(inherited)",
					"-ObjC",
					"-framework",
					"\"GTMSessionFetcher\"",
					"-framework",
					"\"GoogleUtilities\"",
					"-framework",
					"\"OCMock\"",
				);
				PRODUCT_BUNDLE_IDENTIFIER = com.firebase.FirebaseAnonymousAuthUITests;
				PRODUCT_NAME = "$(TARGET_NAME)";
				TARGETED_DEVICE_FAMILY = "1,2";
			};
			name = Debug;
		};
		8D69E23621DD476D00CFA49B /* Release */ = {
			isa = XCBuildConfiguration;
			buildSettings = {
				CODE_SIGN_STYLE = Automatic;
				INFOPLIST_FILE = FirebaseAnonymousAuthUITests/Info.plist;
				LD_RUNPATH_SEARCH_PATHS = (
					"$(inherited)",
					"@executable_path/Frameworks",
					"@loader_path/Frameworks",
					"\"${PODS_CONFIGURATION_BUILD_DIR}/FirebaseAuth\"",
					"\"${PODS_CONFIGURATION_BUILD_DIR}/FirebaseCore\"",
					"\"${PODS_CONFIGURATION_BUILD_DIR}/FirebaseCoreDiagnostics\"",
					"\"${PODS_CONFIGURATION_BUILD_DIR}/FirebaseUI\"",
					"\"${PODS_CONFIGURATION_BUILD_DIR}/GTMSessionFetcher\"",
					"\"${PODS_CONFIGURATION_BUILD_DIR}/GoogleDataTransport\"",
					"\"${PODS_CONFIGURATION_BUILD_DIR}/GoogleUtilities\"",
					"\"${PODS_CONFIGURATION_BUILD_DIR}/OCMock\"",
					"\"${PODS_CONFIGURATION_BUILD_DIR}/PromisesObjC\"",
					"\"${PODS_CONFIGURATION_BUILD_DIR}/nanopb\"",
				);
				OTHER_LDFLAGS = (
					"$(inherited)",
					"-ObjC",
					"-framework",
					"\"GTMSessionFetcher\"",
					"-framework",
					"\"GoogleUtilities\"",
					"-framework",
					"\"OCMock\"",
				);
				PRODUCT_BUNDLE_IDENTIFIER = com.firebase.FirebaseAnonymousAuthUITests;
				PRODUCT_NAME = "$(TARGET_NAME)";
				TARGETED_DEVICE_FAMILY = "1,2";
			};
			name = Release;
		};
/* End XCBuildConfiguration section */

/* Begin XCConfigurationList section */
		8D69E21721DD476C00CFA49B /* Build configuration list for PBXProject "FirebaseAnonymousAuthUI" */ = {
			isa = XCConfigurationList;
			buildConfigurations = (
				8D69E22F21DD476D00CFA49B /* Debug */,
				8D69E23021DD476D00CFA49B /* Release */,
			);
			defaultConfigurationIsVisible = 0;
			defaultConfigurationName = Release;
		};
		8D69E23121DD476D00CFA49B /* Build configuration list for PBXNativeTarget "FirebaseAnonymousAuthUI" */ = {
			isa = XCConfigurationList;
			buildConfigurations = (
				8D69E23221DD476D00CFA49B /* Debug */,
				8D69E23321DD476D00CFA49B /* Release */,
			);
			defaultConfigurationIsVisible = 0;
			defaultConfigurationName = Release;
		};
		8D69E23421DD476D00CFA49B /* Build configuration list for PBXNativeTarget "FirebaseAnonymousAuthUITests" */ = {
			isa = XCConfigurationList;
			buildConfigurations = (
				8D69E23521DD476D00CFA49B /* Debug */,
				8D69E23621DD476D00CFA49B /* Release */,
			);
			defaultConfigurationIsVisible = 0;
			defaultConfigurationName = Release;
		};
/* End XCConfigurationList section */
	};
	rootObject = 8D69E21421DD476C00CFA49B /* Project object */;
}
